// !$*UTF8*$!
{
	archiveVersion = 1;
	classes = {
	};
	objectVersion = 60;
	objects = {

/* Begin PBXBuildFile section */
		16002FEF5263CEF6D01B6E40 /* DoublesInviteView.swift in Sources */ = {isa = PBXBuildFile; fileRef = 39DFBC699C961CE7BC803B4A /* DoublesInviteView.swift */; };
		2962E627E3490E4DBF9ECAFA /* DoublesCopy.swift in Sources */ = {isa = PBXBuildFile; fileRef = 29274B087647F696C6DC5407 /* DoublesCopy.swift */; };
		42D6A58A8B0280B016D8C3A7 /* DoublesService.swift in Sources */ = {isa = PBXBuildFile; fileRef = 5BD1697CA8AE51EA5DF5C744 /* DoublesService.swift */; };
		8934F0431B9250FF178695DA /* DoublesQuestionnaireView.swift in Sources */ = {isa = PBXBuildFile; fileRef = 083A41EC8E7C7AAC767F6CBC /* DoublesQuestionnaireView.swift */; };
		8BF4EE7FC34F81C396EAA65B /* DoublesHomeView.swift in Sources */ = {isa = PBXBuildFile; fileRef = F58EEBF375954F4E911B4689 /* DoublesHomeView.swift */; };
		A000000000000000000020 /* CourtIQApp.swift in Sources */ = {isa = PBXBuildFile; fileRef = A000000000000000000010 /* CourtIQApp.swift */; };
		A000000000000000000021 /* MainTabView.swift in Sources */ = {isa = PBXBuildFile; fileRef = A000000000000000000011 /* MainTabView.swift */; };
		A000000000000000000022 /* PracticeView.swift in Sources */ = {isa = PBXBuildFile; fileRef = A000000000000000000012 /* PracticeView.swift */; };
		A000000000000000000023 /* ProfileView.swift in Sources */ = {isa = PBXBuildFile; fileRef = A000000000000000000013 /* ProfileView.swift */; };
		A000000000000000000024 /* TodayView.swift in Sources */ = {isa = PBXBuildFile; fileRef = A000000000000000000014 /* TodayView.swift */; };
		A000000000000000000025 /* DailyQuizManager.swift in Sources */ = {isa = PBXBuildFile; fileRef = A000000000000000000015 /* DailyQuizManager.swift */; };
		A000000000000000000026 /* DiscussionThread.swift in Sources */ = {isa = PBXBuildFile; fileRef = A000000000000000000016 /* DiscussionThread.swift */; };
		A000000000000000000027 /* MobilityFlow.swift in Sources */ = {isa = PBXBuildFile; fileRef = A000000000000000000017 /* MobilityFlow.swift */; };
		A000000000000000000028 /* Quiz.swift in Sources */ = {isa = PBXBuildFile; fileRef = A000000000000000000018 /* Quiz.swift */; };
		A000000000000000000029 /* UserSession.swift in Sources */ = {isa = PBXBuildFile; fileRef = A000000000000000000019 /* UserSession.swift */; };
		A00000000000000000002A /* MobilityFlowDetailView.swift in Sources */ = {isa = PBXBuildFile; fileRef = A00000000000000000001A /* MobilityFlowDetailView.swift */; };
		A00000000000000000002B /* MobilityLibraryView.swift in Sources */ = {isa = PBXBuildFile; fileRef = A00000000000000000001B /* MobilityLibraryView.swift */; };
		A00000000000000000002C /* QuizView.swift in Sources */ = {isa = PBXBuildFile; fileRef = A00000000000000000001C /* QuizView.swift */; };
		A00000000000000000002D /* QuizViewModel.swift in Sources */ = {isa = PBXBuildFile; fileRef = A00000000000000000001D /* QuizViewModel.swift */; };
		A000000000000000000034 /* TrainingProgram.swift in Sources */ = {isa = PBXBuildFile; fileRef = A000000000000000000030 /* TrainingProgram.swift */; };
		A000000000000000000035 /* TrainingProgressManager.swift in Sources */ = {isa = PBXBuildFile; fileRef = A000000000000000000031 /* TrainingProgressManager.swift */; };
		A000000000000000000036 /* TrainingHubView.swift in Sources */ = {isa = PBXBuildFile; fileRef = A000000000000000000032 /* TrainingHubView.swift */; };
		A000000000000000000037 /* TrainingProgramDetailView.swift in Sources */ = {isa = PBXBuildFile; fileRef = A000000000000000000033 /* TrainingProgramDetailView.swift */; };
		A000000000000000000039 /* AppPalette.swift in Sources */ = {isa = PBXBuildFile; fileRef = A000000000000000000038 /* AppPalette.swift */; };
		A000000000000000000050 /* AppConfiguration.swift in Sources */ = {isa = PBXBuildFile; fileRef = A000000000000000000040 /* AppConfiguration.swift */; };
		A000000000000000000051 /* BundleContentLoader.swift in Sources */ = {isa = PBXBuildFile; fileRef = A000000000000000000041 /* BundleContentLoader.swift */; };
		A000000000000000000052 /* OnboardingView.swift in Sources */ = {isa = PBXBuildFile; fileRef = A000000000000000000042 /* OnboardingView.swift */; };
		A000000000000000000053 /* PaywallView.swift in Sources */ = {isa = PBXBuildFile; fileRef = A000000000000000000043 /* PaywallView.swift */; };
		A000000000000000000054 /* CommunityViews.swift in Sources */ = {isa = PBXBuildFile; fileRef = A000000000000000000044 /* CommunityViews.swift */; };
		A000000000000000000055 /* LegalDocumentView.swift in Sources */ = {isa = PBXBuildFile; fileRef = A000000000000000000045 /* LegalDocumentView.swift */; };
		A000000000000000000057 /* quiz_questions.json in Resources */ = {isa = PBXBuildFile; fileRef = A000000000000000000047 /* quiz_questions.json */; };
		A000000000000000000058 /* training_programs.json in Resources */ = {isa = PBXBuildFile; fileRef = A000000000000000000048 /* training_programs.json */; };
		A000000000000000000059 /* mobility_flows.json in Resources */ = {isa = PBXBuildFile; fileRef = A000000000000000000049 /* mobility_flows.json */; };
		A00000000000000000005B /* DailyTip.swift in Sources */ = {isa = PBXBuildFile; fileRef = A00000000000000000005A /* DailyTip.swift */; };
		A00000000000000000005D /* TennisPlayerLevel.swift in Sources */ = {isa = PBXBuildFile; fileRef = A00000000000000000005C /* TennisPlayerLevel.swift */; };
		A00000000000000000005F /* TennisPlayerBadgeView.swift in Sources */ = {isa = PBXBuildFile; fileRef = A00000000000000000005E /* TennisPlayerBadgeView.swift */; };
		A000000000000000000060 /* Assets.xcassets in Resources */ = {isa = PBXBuildFile; fileRef = A000000000000000000046 /* Assets.xcassets */; };
		A000000000000000000062 /* PlayerProgressionManager.swift in Sources */ = {isa = PBXBuildFile; fileRef = A000000000000000000061 /* PlayerProgressionManager.swift */; };
		A000000000000000000064 /* LevelProgressionPathView.swift in Sources */ = {isa = PBXBuildFile; fileRef = A000000000000000000063 /* LevelProgressionPathView.swift */; };
		A000000000000000000066 /* LanguageManager.swift in Sources */ = {isa = PBXBuildFile; fileRef = A000000000000000000065 /* LanguageManager.swift */; };
		A00000000000000000006A /* Localizable.strings in Resources */ = {isa = PBXBuildFile; fileRef = A000000000000000000069 /* Localizable.strings */; };
		A0000000000000000000B1 /* TennisVisuals.swift in Sources */ = {isa = PBXBuildFile; fileRef = A0000000000000000000B0 /* TennisVisuals.swift */; };
		A0000000000000000000B3 /* FeedbackComposer.swift in Sources */ = {isa = PBXBuildFile; fileRef = A0000000000000000000B2 /* FeedbackComposer.swift */; };
		A0000000000000000000B5 /* CrashReporter.swift in Sources */ = {isa = PBXBuildFile; fileRef = A0000000000000000000B4 /* CrashReporter.swift */; };
		A0000000000000000000C1 /* PrivacyInfo.xcprivacy in Resources */ = {isa = PBXBuildFile; fileRef = A0000000000000000000C0 /* PrivacyInfo.xcprivacy */; };
		A0000000000000000000D1 /* HealthAcknowledgmentView.swift in Sources */ = {isa = PBXBuildFile; fileRef = A0000000000000000000D0 /* HealthAcknowledgmentView.swift */; };
		A0000000000000000000D3 /* TrainSafelyBanner.swift in Sources */ = {isa = PBXBuildFile; fileRef = A0000000000000000000D2 /* TrainSafelyBanner.swift */; };
		A0000000000000000000E1 /* NotificationManager.swift in Sources */ = {isa = PBXBuildFile; fileRef = A0000000000000000000E0 /* NotificationManager.swift */; };
		A0000000000000000000E3 /* NotificationPreAskSheet.swift in Sources */ = {isa = PBXBuildFile; fileRef = A0000000000000000000E2 /* NotificationPreAskSheet.swift */; };
		A0000000000000000000F1 /* Haptics.swift in Sources */ = {isa = PBXBuildFile; fileRef = A0000000000000000000F0 /* Haptics.swift */; };
		A000000000000000000101 /* TourStep.swift in Sources */ = {isa = PBXBuildFile; fileRef = A000000000000000000100 /* TourStep.swift */; };
		A000000000000000000111 /* MatchEntry.swift in Sources */ = {isa = PBXBuildFile; fileRef = A000000000000000000110 /* MatchEntry.swift */; };
		A000000000000000000113 /* MatchEntryManager.swift in Sources */ = {isa = PBXBuildFile; fileRef = A000000000000000000112 /* MatchEntryManager.swift */; };
		A000000000000000000115 /* MatchesListView.swift in Sources */ = {isa = PBXBuildFile; fileRef = A000000000000000000114 /* MatchesListView.swift */; };
		A000000000000000000117 /* QuickLogView.swift in Sources */ = {isa = PBXBuildFile; fileRef = A000000000000000000116 /* QuickLogView.swift */; };
		A000000000000000000119 /* MatchJournalEntryView.swift in Sources */ = {isa = PBXBuildFile; fileRef = A000000000000000000118 /* MatchJournalEntryView.swift */; };
		A00000000000000000011B /* LogStreakBadge.swift in Sources */ = {isa = PBXBuildFile; fileRef = A00000000000000000011A /* LogStreakBadge.swift */; };
		A00000000000000000011D /* MatchCalendarView.swift in Sources */ = {isa = PBXBuildFile; fileRef = A00000000000000000011C /* MatchCalendarView.swift */; };
		A00000000000000000011F /* MatchTrendDashboardView.swift in Sources */ = {isa = PBXBuildFile; fileRef = A00000000000000000011E /* MatchTrendDashboardView.swift */; };
		A000000000000000000131 /* PolygonMath.swift in Sources */ = {isa = PBXBuildFile; fileRef = A000000000000000000130 /* PolygonMath.swift */; };
		A000000000000000000133 /* CourtTapDrill.swift in Sources */ = {isa = PBXBuildFile; fileRef = A000000000000000000132 /* CourtTapDrill.swift */; };
		A000000000000000000135 /* CourtTapDrillManager.swift in Sources */ = {isa = PBXBuildFile; fileRef = A000000000000000000134 /* CourtTapDrillManager.swift */; };
		A000000000000000000137 /* CourtTapDrillView.swift in Sources */ = {isa = PBXBuildFile; fileRef = A000000000000000000136 /* CourtTapDrillView.swift */; };
		A000000000000000000139 /* DrillResultView.swift in Sources */ = {isa = PBXBuildFile; fileRef = A000000000000000000138 /* DrillResultView.swift */; };
		A00000000000000000013B /* court_tap_drills.json in Resources */ = {isa = PBXBuildFile; fileRef = A00000000000000000013A /* court_tap_drills.json */; };
		A000000000000000000141 /* ActivityRingsView.swift in Sources */ = {isa = PBXBuildFile; fileRef = A000000000000000000140 /* ActivityRingsView.swift */; };
		A000000000000000000151 /* AvatarConfig.swift in Sources */ = {isa = PBXBuildFile; fileRef = A000000000000000000150 /* AvatarConfig.swift */; };
		A000000000000000000153 /* AvatarManager.swift in Sources */ = {isa = PBXBuildFile; fileRef = A000000000000000000152 /* AvatarManager.swift */; };
		A000000000000000000155 /* TennisAvatarView.swift in Sources */ = {isa = PBXBuildFile; fileRef = A000000000000000000154 /* TennisAvatarView.swift */; };
		A000000000000000000157 /* AvatarLockerRoomView.swift in Sources */ = {isa = PBXBuildFile; fileRef = A000000000000000000156 /* AvatarLockerRoomView.swift */; };
		A000000000000000000161 /* ProShotPattern.swift in Sources */ = {isa = PBXBuildFile; fileRef = A000000000000000000160 /* ProShotPattern.swift */; };
		A000000000000000000163 /* ProShotPatternsManager.swift in Sources */ = {isa = PBXBuildFile; fileRef = A000000000000000000162 /* ProShotPatternsManager.swift */; };
		A000000000000000000165 /* ProShotAnimationView.swift in Sources */ = {isa = PBXBuildFile; fileRef = A000000000000000000164 /* ProShotAnimationView.swift */; };
		A000000000000000000167 /* ProShotCard.swift in Sources */ = {isa = PBXBuildFile; fileRef = A000000000000000000166 /* ProShotCard.swift */; };
		A000000000000000000169 /* pro_shot_patterns.json in Resources */ = {isa = PBXBuildFile; fileRef = A000000000000000000168 /* pro_shot_patterns.json */; };
		A00000000000000000016B /* LaunchOffer.swift in Sources */ = {isa = PBXBuildFile; fileRef = A00000000000000000016A /* LaunchOffer.swift */; };
		A00000000000000000016D /* MatchMediaStore.swift in Sources */ = {isa = PBXBuildFile; fileRef = A00000000000000000016C /* MatchMediaStore.swift */; };
		A00000000000000000016F /* VoiceNoteRecorder.swift in Sources */ = {isa = PBXBuildFile; fileRef = A00000000000000000016E /* VoiceNoteRecorder.swift */; };
		A000000000000000000171 /* NotificationSettingsView.swift in Sources */ = {isa = PBXBuildFile; fileRef = A000000000000000000170 /* NotificationSettingsView.swift */; };
		A000000000000000000173 /* CoachSession.swift in Sources */ = {isa = PBXBuildFile; fileRef = A000000000000000000172 /* CoachSession.swift */; };
		A000000000000000000175 /* CoachPairView.swift in Sources */ = {isa = PBXBuildFile; fileRef = A000000000000000000174 /* CoachPairView.swift */; };
		A000000000000000000177 /* CoachQuickLogView.swift in Sources */ = {isa = PBXBuildFile; fileRef = A000000000000000000176 /* CoachQuickLogView.swift */; };
		A000000000000000000179 /* CoachReveal.swift in Sources */ = {isa = PBXBuildFile; fileRef = A000000000000000000178 /* CoachReveal.swift */; };
		A00000000000000000017B /* MobilityAnimationPreview.swift in Sources */ = {isa = PBXBuildFile; fileRef = A00000000000000000017A /* MobilityAnimationPreview.swift */; };
		A00000000000000000017D /* FigureApproachComparison.swift in Sources */ = {isa = PBXBuildFile; fileRef = A00000000000000000017C /* FigureApproachComparison.swift */; };
		A00000000000000000017F /* HybridMobilityFigure.swift in Sources */ = {isa = PBXBuildFile; fileRef = A00000000000000000017E /* HybridMobilityFigure.swift */; };
		A000000000000000000181 /* AIChatModels.swift in Sources */ = {isa = PBXBuildFile; fileRef = A000000000000000000180 /* AIChatModels.swift */; };
		A000000000000000000183 /* AIChatClient.swift in Sources */ = {isa = PBXBuildFile; fileRef = A000000000000000000182 /* AIChatClient.swift */; };
		A000000000000000000185 /* AICoachView.swift in Sources */ = {isa = PBXBuildFile; fileRef = A000000000000000000184 /* AICoachView.swift */; };
		A000000000000000000187 /* AICoachThreadView.swift in Sources */ = {isa = PBXBuildFile; fileRef = A000000000000000000186 /* AICoachThreadView.swift */; };
		A000000000000000000189 /* AICoachPaywallStub.swift in Sources */ = {isa = PBXBuildFile; fileRef = A000000000000000000188 /* AICoachPaywallStub.swift */; };
		A00000000000000000018B /* AICoachImportView.swift in Sources */ = {isa = PBXBuildFile; fileRef = A00000000000000000018A /* AICoachImportView.swift */; };
		A00000000000000000018D /* TacticalProfile.swift in Sources */ = {isa = PBXBuildFile; fileRef = A00000000000000000018C /* TacticalProfile.swift */; };
		A00000000000000000018F /* TacticalProfileCard.swift in Sources */ = {isa = PBXBuildFile; fileRef = A00000000000000000018E /* TacticalProfileCard.swift */; };
		A000000000000000000191 /* PlayStyleProfile.swift in Sources */ = {isa = PBXBuildFile; fileRef = A000000000000000000190 /* PlayStyleProfile.swift */; };
		A000000000000000000193 /* PlayStyleProfileCard.swift in Sources */ = {isa = PBXBuildFile; fileRef = A000000000000000000192 /* PlayStyleProfileCard.swift */; };
		A000000000000000000195 /* SelfAssessment.swift in Sources */ = {isa = PBXBuildFile; fileRef = A000000000000000000194 /* SelfAssessment.swift */; };
		A000000000000000000197 /* SelfAssessmentStep.swift in Sources */ = {isa = PBXBuildFile; fileRef = A000000000000000000196 /* SelfAssessmentStep.swift */; };
		A000000000000000000199 /* MatchMemoryStore.swift in Sources */ = {isa = PBXBuildFile; fileRef = A000000000000000000198 /* MatchMemoryStore.swift */; };
		A00000000000000000019B /* MatchLogTutorialView.swift in Sources */ = {isa = PBXBuildFile; fileRef = A00000000000000000019A /* MatchLogTutorialView.swift */; };
		A6C23E3C6EDDBEB3C15129A6 /* DoublesStore.swift in Sources */ = {isa = PBXBuildFile; fileRef = 31FB4EA3DDDB16F3630DE40F /* DoublesStore.swift */; };
		AC1E3563944B0D3E4A96CB14 /* DoublesResult.swift in Sources */ = {isa = PBXBuildFile; fileRef = 9CB18F8864A4FA1F1DFD0AA3 /* DoublesResult.swift */; };
		B8681012113B3671A52DC5B7 /* DoublesResultView.swift in Sources */ = {isa = PBXBuildFile; fileRef = 711C227399F9B9B1FAF83361 /* DoublesResultView.swift */; };
		BE0A27F3A107F573AF6D6916 /* DoublesAnswerForm.swift in Sources */ = {isa = PBXBuildFile; fileRef = 1A15AD082E431178446E3B3B /* DoublesAnswerForm.swift */; };
		C1D79EBF000E325CE44A5EC9 /* DoublesJoinView.swift in Sources */ = {isa = PBXBuildFile; fileRef = 2E00DD9F2EDFAEE955C63065 /* DoublesJoinView.swift */; };
		C26900CB5905CD2F9B6286A5 /* DoublesProfile.swift in Sources */ = {isa = PBXBuildFile; fileRef = 36E1B446511C087992AD61E2 /* DoublesProfile.swift */; };
		D4D827C055058DF1AED2C3DD /* DoublesPartnership.swift in Sources */ = {isa = PBXBuildFile; fileRef = DEE3293917384C878A229C02 /* DoublesPartnership.swift */; };
		EE369F4F2BA54812315FE57C /* DoublesCompatibility.swift in Sources */ = {isa = PBXBuildFile; fileRef = 87B387A1D3F31C455951CAD2 /* DoublesCompatibility.swift */; };
/* End PBXBuildFile section */

/* Begin PBXFileReference section */
		083A41EC8E7C7AAC767F6CBC /* DoublesQuestionnaireView.swift */ = {isa = PBXFileReference; includeInIndex = 1; lastKnownFileType = sourcecode.swift; name = DoublesQuestionnaireView.swift; path = CourtIQ/Features/Doubles/DoublesQuestionnaireView.swift; sourceTree = "<group>"; };
		1A15AD082E431178446E3B3B /* DoublesAnswerForm.swift */ = {isa = PBXFileReference; includeInIndex = 1; lastKnownFileType = sourcecode.swift; name = DoublesAnswerForm.swift; path = CourtIQ/Features/Doubles/DoublesAnswerForm.swift; sourceTree = "<group>"; };
		29274B087647F696C6DC5407 /* DoublesCopy.swift */ = {isa = PBXFileReference; includeInIndex = 1; lastKnownFileType = sourcecode.swift; name = DoublesCopy.swift; path = CourtIQ/Features/Doubles/DoublesCopy.swift; sourceTree = "<group>"; };
		2E00DD9F2EDFAEE955C63065 /* DoublesJoinView.swift */ = {isa = PBXFileReference; includeInIndex = 1; lastKnownFileType = sourcecode.swift; name = DoublesJoinView.swift; path = CourtIQ/Features/Doubles/DoublesJoinView.swift; sourceTree = "<group>"; };
		31FB4EA3DDDB16F3630DE40F /* DoublesStore.swift */ = {isa = PBXFileReference; includeInIndex = 1; lastKnownFileType = sourcecode.swift; name = DoublesStore.swift; path = CourtIQ/Features/Doubles/DoublesStore.swift; sourceTree = "<group>"; };
		36E1B446511C087992AD61E2 /* DoublesProfile.swift */ = {isa = PBXFileReference; includeInIndex = 1; lastKnownFileType = sourcecode.swift; name = DoublesProfile.swift; path = CourtIQ/Features/Doubles/DoublesProfile.swift; sourceTree = "<group>"; };
		39DFBC699C961CE7BC803B4A /* DoublesInviteView.swift */ = {isa = PBXFileReference; includeInIndex = 1; lastKnownFileType = sourcecode.swift; name = DoublesInviteView.swift; path = CourtIQ/Features/Doubles/DoublesInviteView.swift; sourceTree = "<group>"; };
		5BD1697CA8AE51EA5DF5C744 /* DoublesService.swift */ = {isa = PBXFileReference; includeInIndex = 1; lastKnownFileType = sourcecode.swift; name = DoublesService.swift; path = CourtIQ/Features/Doubles/DoublesService.swift; sourceTree = "<group>"; };
		711C227399F9B9B1FAF83361 /* DoublesResultView.swift */ = {isa = PBXFileReference; includeInIndex = 1; lastKnownFileType = sourcecode.swift; name = DoublesResultView.swift; path = CourtIQ/Features/Doubles/DoublesResultView.swift; sourceTree = "<group>"; };
		87B387A1D3F31C455951CAD2 /* DoublesCompatibility.swift */ = {isa = PBXFileReference; includeInIndex = 1; lastKnownFileType = sourcecode.swift; name = DoublesCompatibility.swift; path = CourtIQ/Features/Doubles/DoublesCompatibility.swift; sourceTree = "<group>"; };
		9CB18F8864A4FA1F1DFD0AA3 /* DoublesResult.swift */ = {isa = PBXFileReference; includeInIndex = 1; lastKnownFileType = sourcecode.swift; name = DoublesResult.swift; path = CourtIQ/Features/Doubles/DoublesResult.swift; sourceTree = "<group>"; };
		A00000000000000000000D /* CourtIQ.app */ = {isa = PBXFileReference; explicitFileType = wrapper.application; includeInIndex = 0; path = CourtIQ.app; sourceTree = BUILT_PRODUCTS_DIR; };
		A00000000000000000000F /* Info.plist */ = {isa = PBXFileReference; lastKnownFileType = text.plist.xml; name = Info.plist; path = CourtIQ/Info.plist; sourceTree = "<group>"; };
		A000000000000000000010 /* CourtIQApp.swift */ = {isa = PBXFileReference; lastKnownFileType = sourcecode.swift; name = CourtIQApp.swift; path = CourtIQ/App/CourtIQApp.swift; sourceTree = "<group>"; };
		A000000000000000000011 /* MainTabView.swift */ = {isa = PBXFileReference; lastKnownFileType = sourcecode.swift; name = MainTabView.swift; path = CourtIQ/App/MainTabView.swift; sourceTree = "<group>"; };
		A000000000000000000012 /* PracticeView.swift */ = {isa = PBXFileReference; lastKnownFileType = sourcecode.swift; name = PracticeView.swift; path = CourtIQ/App/PracticeView.swift; sourceTree = "<group>"; };
		A000000000000000000013 /* ProfileView.swift */ = {isa = PBXFileReference; lastKnownFileType = sourcecode.swift; name = ProfileView.swift; path = CourtIQ/App/ProfileView.swift; sourceTree = "<group>"; };
		A000000000000000000014 /* TodayView.swift */ = {isa = PBXFileReference; lastKnownFileType = sourcecode.swift; name = TodayView.swift; path = CourtIQ/App/TodayView.swift; sourceTree = "<group>"; };
		A000000000000000000015 /* DailyQuizManager.swift */ = {isa = PBXFileReference; lastKnownFileType = sourcecode.swift; name = DailyQuizManager.swift; path = CourtIQ/Core/Models/DailyQuizManager.swift; sourceTree = "<group>"; };
		A000000000000000000016 /* DiscussionThread.swift */ = {isa = PBXFileReference; lastKnownFileType = sourcecode.swift; name = DiscussionThread.swift; path = CourtIQ/Core/Models/DiscussionThread.swift; sourceTree = "<group>"; };
		A000000000000000000017 /* MobilityFlow.swift */ = {isa = PBXFileReference; lastKnownFileType = sourcecode.swift; name = MobilityFlow.swift; path = CourtIQ/Core/Models/MobilityFlow.swift; sourceTree = "<group>"; };
		A000000000000000000018 /* Quiz.swift */ = {isa = PBXFileReference; lastKnownFileType = sourcecode.swift; name = Quiz.swift; path = CourtIQ/Core/Models/Quiz.swift; sourceTree = "<group>"; };
		A000000000000000000019 /* UserSession.swift */ = {isa = PBXFileReference; lastKnownFileType = sourcecode.swift; name = UserSession.swift; path = CourtIQ/Core/Models/UserSession.swift; sourceTree = "<group>"; };
		A00000000000000000001A /* MobilityFlowDetailView.swift */ = {isa = PBXFileReference; lastKnownFileType = sourcecode.swift; name = MobilityFlowDetailView.swift; path = CourtIQ/Features/Mobility/MobilityFlowDetailView.swift; sourceTree = "<group>"; };
		A00000000000000000001B /* MobilityLibraryView.swift */ = {isa = PBXFileReference; lastKnownFileType = sourcecode.swift; name = MobilityLibraryView.swift; path = CourtIQ/Features/Mobility/MobilityLibraryView.swift; sourceTree = "<group>"; };
		A00000000000000000001C /* QuizView.swift */ = {isa = PBXFileReference; lastKnownFileType = sourcecode.swift; name = QuizView.swift; path = CourtIQ/Features/Quiz/QuizView.swift; sourceTree = "<group>"; };
		A00000000000000000001D /* QuizViewModel.swift */ = {isa = PBXFileReference; lastKnownFileType = sourcecode.swift; name = QuizViewModel.swift; path = CourtIQ/Features/Quiz/QuizViewModel.swift; sourceTree = "<group>"; };
		A000000000000000000030 /* TrainingProgram.swift */ = {isa = PBXFileReference; lastKnownFileType = sourcecode.swift; name = TrainingProgram.swift; path = CourtIQ/Core/Models/TrainingProgram.swift; sourceTree = "<group>"; };
		A000000000000000000031 /* TrainingProgressManager.swift */ = {isa = PBXFileReference; lastKnownFileType = sourcecode.swift; name = TrainingProgressManager.swift; path = CourtIQ/Core/Models/TrainingProgressManager.swift; sourceTree = "<group>"; };
		A000000000000000000032 /* TrainingHubView.swift */ = {isa = PBXFileReference; lastKnownFileType = sourcecode.swift; name = TrainingHubView.swift; path = CourtIQ/Features/Training/TrainingHubView.swift; sourceTree = "<group>"; };
		A000000000000000000033 /* TrainingProgramDetailView.swift */ = {isa = PBXFileReference; lastKnownFileType = sourcecode.swift; name = TrainingProgramDetailView.swift; path = CourtIQ/Features/Training/TrainingProgramDetailView.swift; sourceTree = "<group>"; };
		A000000000000000000038 /* AppPalette.swift */ = {isa = PBXFileReference; lastKnownFileType = sourcecode.swift; name = AppPalette.swift; path = CourtIQ/Core/Models/AppPalette.swift; sourceTree = "<group>"; };
		A000000000000000000040 /* AppConfiguration.swift */ = {isa = PBXFileReference; lastKnownFileType = sourcecode.swift; name = AppConfiguration.swift; path = CourtIQ/Core/Models/AppConfiguration.swift; sourceTree = "<group>"; };
		A000000000000000000041 /* BundleContentLoader.swift */ = {isa = PBXFileReference; lastKnownFileType = sourcecode.swift; name = BundleContentLoader.swift; path = CourtIQ/Core/Models/BundleContentLoader.swift; sourceTree = "<group>"; };
		A000000000000000000042 /* OnboardingView.swift */ = {isa = PBXFileReference; lastKnownFileType = sourcecode.swift; name = OnboardingView.swift; path = CourtIQ/Features/Onboarding/OnboardingView.swift; sourceTree = "<group>"; };
		A000000000000000000043 /* PaywallView.swift */ = {isa = PBXFileReference; lastKnownFileType = sourcecode.swift; name = PaywallView.swift; path = CourtIQ/Features/Paywall/PaywallView.swift; sourceTree = "<group>"; };
		A000000000000000000044 /* CommunityViews.swift */ = {isa = PBXFileReference; lastKnownFileType = sourcecode.swift; name = CommunityViews.swift; path = CourtIQ/Features/Community/CommunityViews.swift; sourceTree = "<group>"; };
		A000000000000000000045 /* LegalDocumentView.swift */ = {isa = PBXFileReference; lastKnownFileType = sourcecode.swift; name = LegalDocumentView.swift; path = CourtIQ/Features/Legal/LegalDocumentView.swift; sourceTree = "<group>"; };
		A000000000000000000046 /* Assets.xcassets */ = {isa = PBXFileReference; lastKnownFileType = folder.assetcatalog; name = Assets.xcassets; path = CourtIQ/Assets.xcassets; sourceTree = "<group>"; };
		A000000000000000000047 /* quiz_questions.json */ = {isa = PBXFileReference; lastKnownFileType = text.json; name = quiz_questions.json; path = CourtIQ/Resources/Content/quiz_questions.json; sourceTree = "<group>"; };
		A000000000000000000048 /* training_programs.json */ = {isa = PBXFileReference; lastKnownFileType = text.json; name = training_programs.json; path = CourtIQ/Resources/Content/training_programs.json; sourceTree = "<group>"; };
		A000000000000000000049 /* mobility_flows.json */ = {isa = PBXFileReference; lastKnownFileType = text.json; name = mobility_flows.json; path = CourtIQ/Resources/Content/mobility_flows.json; sourceTree = "<group>"; };
		A00000000000000000005A /* DailyTip.swift */ = {isa = PBXFileReference; lastKnownFileType = sourcecode.swift; name = DailyTip.swift; path = CourtIQ/Core/Models/DailyTip.swift; sourceTree = "<group>"; };
		A00000000000000000005C /* TennisPlayerLevel.swift */ = {isa = PBXFileReference; lastKnownFileType = sourcecode.swift; name = TennisPlayerLevel.swift; path = CourtIQ/Core/Models/TennisPlayerLevel.swift; sourceTree = "<group>"; };
		A00000000000000000005E /* TennisPlayerBadgeView.swift */ = {isa = PBXFileReference; lastKnownFileType = sourcecode.swift; name = TennisPlayerBadgeView.swift; path = CourtIQ/App/TennisPlayerBadgeView.swift; sourceTree = "<group>"; };
		A000000000000000000061 /* PlayerProgressionManager.swift */ = {isa = PBXFileReference; lastKnownFileType = sourcecode.swift; name = PlayerProgressionManager.swift; path = CourtIQ/Core/Models/PlayerProgressionManager.swift; sourceTree = "<group>"; };
		A000000000000000000063 /* LevelProgressionPathView.swift */ = {isa = PBXFileReference; lastKnownFileType = sourcecode.swift; name = LevelProgressionPathView.swift; path = CourtIQ/Features/Profile/LevelProgressionPathView.swift; sourceTree = "<group>"; };
		A000000000000000000065 /* LanguageManager.swift */ = {isa = PBXFileReference; lastKnownFileType = sourcecode.swift; name = LanguageManager.swift; path = CourtIQ/Core/Utilities/LanguageManager.swift; sourceTree = "<group>"; };
		A000000000000000000067 /* en */ = {isa = PBXFileReference; lastKnownFileType = text.plist.strings; name = en; path = CourtIQ/Resources/en.lproj/Localizable.strings; sourceTree = "<group>"; };
		A000000000000000000068 /* tr */ = {isa = PBXFileReference; lastKnownFileType = text.plist.strings; name = tr; path = CourtIQ/Resources/tr.lproj/Localizable.strings; sourceTree = "<group>"; };
		A0000000000000000000B0 /* TennisVisuals.swift */ = {isa = PBXFileReference; lastKnownFileType = sourcecode.swift; name = TennisVisuals.swift; path = CourtIQ/Core/Utilities/TennisVisuals.swift; sourceTree = "<group>"; };
		A0000000000000000000B2 /* FeedbackComposer.swift */ = {isa = PBXFileReference; lastKnownFileType = sourcecode.swift; name = FeedbackComposer.swift; path = CourtIQ/Core/Utilities/FeedbackComposer.swift; sourceTree = "<group>"; };
		A0000000000000000000B4 /* CrashReporter.swift */ = {isa = PBXFileReference; lastKnownFileType = sourcecode.swift; name = CrashReporter.swift; path = CourtIQ/Core/Utilities/CrashReporter.swift; sourceTree = "<group>"; };
		A0000000000000000000C0 /* PrivacyInfo.xcprivacy */ = {isa = PBXFileReference; lastKnownFileType = text.xml; name = PrivacyInfo.xcprivacy; path = CourtIQ/PrivacyInfo.xcprivacy; sourceTree = "<group>"; };
		A0000000000000000000D0 /* HealthAcknowledgmentView.swift */ = {isa = PBXFileReference; lastKnownFileType = sourcecode.swift; name = HealthAcknowledgmentView.swift; path = CourtIQ/Features/Legal/HealthAcknowledgmentView.swift; sourceTree = "<group>"; };
		A0000000000000000000D2 /* TrainSafelyBanner.swift */ = {isa = PBXFileReference; lastKnownFileType = sourcecode.swift; name = TrainSafelyBanner.swift; path = CourtIQ/Features/Legal/TrainSafelyBanner.swift; sourceTree = "<group>"; };
		A0000000000000000000E0 /* NotificationManager.swift */ = {isa = PBXFileReference; lastKnownFileType = sourcecode.swift; name = NotificationManager.swift; path = CourtIQ/Core/Utilities/NotificationManager.swift; sourceTree = "<group>"; };
		A0000000000000000000E2 /* NotificationPreAskSheet.swift */ = {isa = PBXFileReference; lastKnownFileType = sourcecode.swift; name = NotificationPreAskSheet.swift; path = CourtIQ/Features/Onboarding/NotificationPreAskSheet.swift; sourceTree = "<group>"; };
		A0000000000000000000F0 /* Haptics.swift */ = {isa = PBXFileReference; lastKnownFileType = sourcecode.swift; name = Haptics.swift; path = CourtIQ/Core/Utilities/Haptics.swift; sourceTree = "<group>"; };
		A000000000000000000100 /* TourStep.swift */ = {isa = PBXFileReference; lastKnownFileType = sourcecode.swift; name = TourStep.swift; path = CourtIQ/Features/Onboarding/TourStep.swift; sourceTree = "<group>"; };
		A000000000000000000110 /* MatchEntry.swift */ = {isa = PBXFileReference; lastKnownFileType = sourcecode.swift; name = MatchEntry.swift; path = CourtIQ/Core/Models/MatchEntry.swift; sourceTree = "<group>"; };
		A000000000000000000112 /* MatchEntryManager.swift */ = {isa = PBXFileReference; lastKnownFileType = sourcecode.swift; name = MatchEntryManager.swift; path = CourtIQ/Core/Models/MatchEntryManager.swift; sourceTree = "<group>"; };
		A000000000000000000114 /* MatchesListView.swift */ = {isa = PBXFileReference; lastKnownFileType = sourcecode.swift; name = MatchesListView.swift; path = CourtIQ/Features/Matches/MatchesListView.swift; sourceTree = "<group>"; };
		A000000000000000000116 /* QuickLogView.swift */ = {isa = PBXFileReference; lastKnownFileType = sourcecode.swift; name = QuickLogView.swift; path = CourtIQ/Features/Matches/QuickLogView.swift; sourceTree = "<group>"; };
		A000000000000000000118 /* MatchJournalEntryView.swift */ = {isa = PBXFileReference; lastKnownFileType = sourcecode.swift; name = MatchJournalEntryView.swift; path = CourtIQ/Features/Matches/MatchJournalEntryView.swift; sourceTree = "<group>"; };
		A00000000000000000011A /* LogStreakBadge.swift */ = {isa = PBXFileReference; lastKnownFileType = sourcecode.swift; name = LogStreakBadge.swift; path = CourtIQ/Features/Matches/LogStreakBadge.swift; sourceTree = "<group>"; };
		A00000000000000000011C /* MatchCalendarView.swift */ = {isa = PBXFileReference; lastKnownFileType = sourcecode.swift; name = MatchCalendarView.swift; path = CourtIQ/Features/Matches/MatchCalendarView.swift; sourceTree = "<group>"; };
		A00000000000000000011E /* MatchTrendDashboardView.swift */ = {isa = PBXFileReference; lastKnownFileType = sourcecode.swift; name = MatchTrendDashboardView.swift; path = CourtIQ/Features/Matches/MatchTrendDashboardView.swift; sourceTree = "<group>"; };
		A000000000000000000130 /* PolygonMath.swift */ = {isa = PBXFileReference; lastKnownFileType = sourcecode.swift; name = PolygonMath.swift; path = CourtIQ/Core/Utilities/PolygonMath.swift; sourceTree = "<group>"; };
		A000000000000000000132 /* CourtTapDrill.swift */ = {isa = PBXFileReference; lastKnownFileType = sourcecode.swift; name = CourtTapDrill.swift; path = CourtIQ/Core/Models/CourtTapDrill.swift; sourceTree = "<group>"; };
		A000000000000000000134 /* CourtTapDrillManager.swift */ = {isa = PBXFileReference; lastKnownFileType = sourcecode.swift; name = CourtTapDrillManager.swift; path = CourtIQ/Core/Models/CourtTapDrillManager.swift; sourceTree = "<group>"; };
		A000000000000000000136 /* CourtTapDrillView.swift */ = {isa = PBXFileReference; lastKnownFileType = sourcecode.swift; name = CourtTapDrillView.swift; path = CourtIQ/Features/Drill/CourtTapDrillView.swift; sourceTree = "<group>"; };
		A000000000000000000138 /* DrillResultView.swift */ = {isa = PBXFileReference; lastKnownFileType = sourcecode.swift; name = DrillResultView.swift; path = CourtIQ/Features/Drill/DrillResultView.swift; sourceTree = "<group>"; };
		A00000000000000000013A /* court_tap_drills.json */ = {isa = PBXFileReference; lastKnownFileType = text.json; name = court_tap_drills.json; path = CourtIQ/Resources/Content/court_tap_drills.json; sourceTree = "<group>"; };
		A000000000000000000140 /* ActivityRingsView.swift */ = {isa = PBXFileReference; lastKnownFileType = sourcecode.swift; name = ActivityRingsView.swift; path = CourtIQ/Features/Rings/ActivityRingsView.swift; sourceTree = "<group>"; };
		A000000000000000000150 /* AvatarConfig.swift */ = {isa = PBXFileReference; lastKnownFileType = sourcecode.swift; name = AvatarConfig.swift; path = CourtIQ/Core/Models/AvatarConfig.swift; sourceTree = "<group>"; };
		A000000000000000000152 /* AvatarManager.swift */ = {isa = PBXFileReference; lastKnownFileType = sourcecode.swift; name = AvatarManager.swift; path = CourtIQ/Core/Models/AvatarManager.swift; sourceTree = "<group>"; };
		A000000000000000000154 /* TennisAvatarView.swift */ = {isa = PBXFileReference; lastKnownFileType = sourcecode.swift; name = TennisAvatarView.swift; path = CourtIQ/Features/Avatar/TennisAvatarView.swift; sourceTree = "<group>"; };
		A000000000000000000156 /* AvatarLockerRoomView.swift */ = {isa = PBXFileReference; lastKnownFileType = sourcecode.swift; name = AvatarLockerRoomView.swift; path = CourtIQ/Features/Avatar/AvatarLockerRoomView.swift; sourceTree = "<group>"; };
		A000000000000000000160 /* ProShotPattern.swift */ = {isa = PBXFileReference; lastKnownFileType = sourcecode.swift; name = ProShotPattern.swift; path = CourtIQ/Core/Models/ProShotPattern.swift; sourceTree = "<group>"; };
		A000000000000000000162 /* ProShotPatternsManager.swift */ = {isa = PBXFileReference; lastKnownFileType = sourcecode.swift; name = ProShotPatternsManager.swift; path = CourtIQ/Core/Models/ProShotPatternsManager.swift; sourceTree = "<group>"; };
		A000000000000000000164 /* ProShotAnimationView.swift */ = {isa = PBXFileReference; lastKnownFileType = sourcecode.swift; name = ProShotAnimationView.swift; path = CourtIQ/Features/ProShot/ProShotAnimationView.swift; sourceTree = "<group>"; };
		A000000000000000000166 /* ProShotCard.swift */ = {isa = PBXFileReference; lastKnownFileType = sourcecode.swift; name = ProShotCard.swift; path = CourtIQ/Features/ProShot/ProShotCard.swift; sourceTree = "<group>"; };
		A000000000000000000168 /* pro_shot_patterns.json */ = {isa = PBXFileReference; lastKnownFileType = text.json; name = pro_shot_patterns.json; path = CourtIQ/Resources/Content/pro_shot_patterns.json; sourceTree = "<group>"; };
		A00000000000000000016A /* LaunchOffer.swift */ = {isa = PBXFileReference; lastKnownFileType = sourcecode.swift; name = LaunchOffer.swift; path = CourtIQ/Core/Utilities/LaunchOffer.swift; sourceTree = "<group>"; };
		A00000000000000000016C /* MatchMediaStore.swift */ = {isa = PBXFileReference; lastKnownFileType = sourcecode.swift; name = MatchMediaStore.swift; path = CourtIQ/Core/Utilities/MatchMediaStore.swift; sourceTree = "<group>"; };
		A00000000000000000016E /* VoiceNoteRecorder.swift */ = {isa = PBXFileReference; lastKnownFileType = sourcecode.swift; name = VoiceNoteRecorder.swift; path = CourtIQ/Core/Utilities/VoiceNoteRecorder.swift; sourceTree = "<group>"; };
		A000000000000000000170 /* NotificationSettingsView.swift */ = {isa = PBXFileReference; lastKnownFileType = sourcecode.swift; name = NotificationSettingsView.swift; path = CourtIQ/Features/Profile/NotificationSettingsView.swift; sourceTree = "<group>"; };
		A000000000000000000172 /* CoachSession.swift */ = {isa = PBXFileReference; lastKnownFileType = sourcecode.swift; name = CoachSession.swift; path = CourtIQ/Features/CoachMode/CoachSession.swift; sourceTree = "<group>"; };
		A000000000000000000174 /* CoachPairView.swift */ = {isa = PBXFileReference; lastKnownFileType = sourcecode.swift; name = CoachPairView.swift; path = CourtIQ/Features/CoachMode/CoachPairView.swift; sourceTree = "<group>"; };
		A000000000000000000176 /* CoachQuickLogView.swift */ = {isa = PBXFileReference; lastKnownFileType = sourcecode.swift; name = CoachQuickLogView.swift; path = CourtIQ/Features/CoachMode/CoachQuickLogView.swift; sourceTree = "<group>"; };
		A000000000000000000178 /* CoachReveal.swift */ = {isa = PBXFileReference; lastKnownFileType = sourcecode.swift; name = CoachReveal.swift; path = CourtIQ/Features/CoachMode/CoachReveal.swift; sourceTree = "<group>"; };
		A00000000000000000017A /* MobilityAnimationPreview.swift */ = {isa = PBXFileReference; lastKnownFileType = sourcecode.swift; name = MobilityAnimationPreview.swift; path = CourtIQ/Features/Mobility/MobilityAnimationPreview.swift; sourceTree = "<group>"; };
		A00000000000000000017C /* FigureApproachComparison.swift */ = {isa = PBXFileReference; lastKnownFileType = sourcecode.swift; name = FigureApproachComparison.swift; path = CourtIQ/Features/Mobility/FigureApproachComparison.swift; sourceTree = "<group>"; };
		A00000000000000000017E /* HybridMobilityFigure.swift */ = {isa = PBXFileReference; lastKnownFileType = sourcecode.swift; name = HybridMobilityFigure.swift; path = CourtIQ/Features/Mobility/HybridMobilityFigure.swift; sourceTree = "<group>"; };
		A000000000000000000180 /* AIChatModels.swift */ = {isa = PBXFileReference; lastKnownFileType = sourcecode.swift; name = AIChatModels.swift; path = CourtIQ/Core/Models/AIChatModels.swift; sourceTree = "<group>"; };
		A000000000000000000182 /* AIChatClient.swift */ = {isa = PBXFileReference; lastKnownFileType = sourcecode.swift; name = AIChatClient.swift; path = CourtIQ/Core/Services/AIChatClient.swift; sourceTree = "<group>"; };
		A000000000000000000184 /* AICoachView.swift */ = {isa = PBXFileReference; lastKnownFileType = sourcecode.swift; name = AICoachView.swift; path = CourtIQ/Features/AICoach/AICoachView.swift; sourceTree = "<group>"; };
		A000000000000000000186 /* AICoachThreadView.swift */ = {isa = PBXFileReference; lastKnownFileType = sourcecode.swift; name = AICoachThreadView.swift; path = CourtIQ/Features/AICoach/AICoachThreadView.swift; sourceTree = "<group>"; };
		A000000000000000000188 /* AICoachPaywallStub.swift */ = {isa = PBXFileReference; lastKnownFileType = sourcecode.swift; name = AICoachPaywallStub.swift; path = CourtIQ/Features/AICoach/AICoachPaywallStub.swift; sourceTree = "<group>"; };
		A00000000000000000018A /* AICoachImportView.swift */ = {isa = PBXFileReference; lastKnownFileType = sourcecode.swift; name = AICoachImportView.swift; path = CourtIQ/Features/AICoach/AICoachImportView.swift; sourceTree = "<group>"; };
		A00000000000000000018C /* TacticalProfile.swift */ = {isa = PBXFileReference; lastKnownFileType = sourcecode.swift; name = TacticalProfile.swift; path = CourtIQ/Core/Models/TacticalProfile.swift; sourceTree = "<group>"; };
		A00000000000000000018E /* TacticalProfileCard.swift */ = {isa = PBXFileReference; lastKnownFileType = sourcecode.swift; name = TacticalProfileCard.swift; path = CourtIQ/Features/Drill/TacticalProfileCard.swift; sourceTree = "<group>"; };
		A000000000000000000190 /* PlayStyleProfile.swift */ = {isa = PBXFileReference; lastKnownFileType = sourcecode.swift; name = PlayStyleProfile.swift; path = CourtIQ/Core/Models/PlayStyleProfile.swift; sourceTree = "<group>"; };
		A000000000000000000192 /* PlayStyleProfileCard.swift */ = {isa = PBXFileReference; lastKnownFileType = sourcecode.swift; name = PlayStyleProfileCard.swift; path = CourtIQ/Features/Drill/PlayStyleProfileCard.swift; sourceTree = "<group>"; };
		A000000000000000000194 /* SelfAssessment.swift */ = {isa = PBXFileReference; lastKnownFileType = sourcecode.swift; name = SelfAssessment.swift; path = CourtIQ/Core/Models/SelfAssessment.swift; sourceTree = "<group>"; };
		A000000000000000000196 /* SelfAssessmentStep.swift */ = {isa = PBXFileReference; lastKnownFileType = sourcecode.swift; name = SelfAssessmentStep.swift; path = CourtIQ/Features/Onboarding/SelfAssessmentStep.swift; sourceTree = "<group>"; };
		A000000000000000000198 /* MatchMemoryStore.swift */ = {isa = PBXFileReference; lastKnownFileType = sourcecode.swift; name = MatchMemoryStore.swift; path = CourtIQ/Core/Services/MatchMemoryStore.swift; sourceTree = "<group>"; };
		A00000000000000000019A /* MatchLogTutorialView.swift */ = {isa = PBXFileReference; lastKnownFileType = sourcecode.swift; name = MatchLogTutorialView.swift; path = CourtIQ/Features/Matches/MatchLogTutorialView.swift; sourceTree = "<group>"; };
		DEE3293917384C878A229C02 /* DoublesPartnership.swift */ = {isa = PBXFileReference; includeInIndex = 1; lastKnownFileType = sourcecode.swift; name = DoublesPartnership.swift; path = CourtIQ/Features/Doubles/DoublesPartnership.swift; sourceTree = "<group>"; };
		F58EEBF375954F4E911B4689 /* DoublesHomeView.swift */ = {isa = PBXFileReference; includeInIndex = 1; lastKnownFileType = sourcecode.swift; name = DoublesHomeView.swift; path = CourtIQ/Features/Doubles/DoublesHomeView.swift; sourceTree = "<group>"; };
/* End PBXFileReference section */

/* Begin PBXFrameworksBuildPhase section */
		A00000000000000000000B /* Frameworks */ = {
			isa = PBXFrameworksBuildPhase;
			buildActionMask = 2147483647;
			files = (
			);
			runOnlyForDeploymentPostprocessing = 0;
		};
/* End PBXFrameworksBuildPhase section */

/* Begin PBXGroup section */
		3202C85F90AD57ACD0D03801 /* CourtIQ */ = {
			isa = PBXGroup;
			children = (
				42C0205006F9790FD391368E /* Features */,
			);
			name = CourtIQ;
			sourceTree = "<group>";
		};
		36A5E7C12F95D37A00BCD7DA /* Recovered References */ = {
			isa = PBXGroup;
			children = (
				A000000000000000000069 /* Localizable.strings */,
				A0000000000000000000C0 /* PrivacyInfo.xcprivacy */,
			);
			name = "Recovered References";
			sourceTree = "<group>";
		};
		42C0205006F9790FD391368E /* Features */ = {
			isa = PBXGroup;
			children = (
				ED8DE3B4007E4DE96476430F /* Doubles */,
			);
			name = Features;
			sourceTree = "<group>";
		};
		A000000000000000000004 = {
			isa = PBXGroup;
			children = (
				A00000000000000000000F /* Info.plist */,
				A000000000000000000010 /* CourtIQApp.swift */,
				A000000000000000000011 /* MainTabView.swift */,
				A000000000000000000012 /* PracticeView.swift */,
				A000000000000000000013 /* ProfileView.swift */,
				A000000000000000000014 /* TodayView.swift */,
				A000000000000000000015 /* DailyQuizManager.swift */,
				A000000000000000000016 /* DiscussionThread.swift */,
				A000000000000000000017 /* MobilityFlow.swift */,
				A000000000000000000018 /* Quiz.swift */,
				A000000000000000000019 /* UserSession.swift */,
				A00000000000000000005A /* DailyTip.swift */,
				A00000000000000000005C /* TennisPlayerLevel.swift */,
				A00000000000000000005E /* TennisPlayerBadgeView.swift */,
				A000000000000000000061 /* PlayerProgressionManager.swift */,
				A000000000000000000063 /* LevelProgressionPathView.swift */,
				A000000000000000000065 /* LanguageManager.swift */,
				A0000000000000000000B0 /* TennisVisuals.swift */,
				A0000000000000000000B2 /* FeedbackComposer.swift */,
				A0000000000000000000B4 /* CrashReporter.swift */,
				A0000000000000000000D0 /* HealthAcknowledgmentView.swift */,
				A0000000000000000000D2 /* TrainSafelyBanner.swift */,
				A0000000000000000000E0 /* NotificationManager.swift */,
				A0000000000000000000E2 /* NotificationPreAskSheet.swift */,
				A0000000000000000000F0 /* Haptics.swift */,
				A00000000000000000016A /* LaunchOffer.swift */,
				A00000000000000000016C /* MatchMediaStore.swift */,
				A00000000000000000016E /* VoiceNoteRecorder.swift */,
				A000000000000000000170 /* NotificationSettingsView.swift */,
				A000000000000000000172 /* CoachSession.swift */,
				A000000000000000000174 /* CoachPairView.swift */,
				A000000000000000000176 /* CoachQuickLogView.swift */,
				A000000000000000000178 /* CoachReveal.swift */,
				A00000000000000000017A /* MobilityAnimationPreview.swift */,
				A00000000000000000017C /* FigureApproachComparison.swift */,
				A00000000000000000017E /* HybridMobilityFigure.swift */,
				A000000000000000000180 /* AIChatModels.swift */,
				A000000000000000000182 /* AIChatClient.swift */,
				A000000000000000000198 /* MatchMemoryStore.swift */,
				A000000000000000000184 /* AICoachView.swift */,
				A000000000000000000186 /* AICoachThreadView.swift */,
				A000000000000000000188 /* AICoachPaywallStub.swift */,
				A00000000000000000018A /* AICoachImportView.swift */,
				A00000000000000000018C /* TacticalProfile.swift */,
				A00000000000000000018E /* TacticalProfileCard.swift */,
				A000000000000000000190 /* PlayStyleProfile.swift */,
				A000000000000000000192 /* PlayStyleProfileCard.swift */,
				A000000000000000000194 /* SelfAssessment.swift */,
				A000000000000000000196 /* SelfAssessmentStep.swift */,
				A000000000000000000100 /* TourStep.swift */,
				A000000000000000000110 /* MatchEntry.swift */,
				A000000000000000000112 /* MatchEntryManager.swift */,
				A000000000000000000114 /* MatchesListView.swift */,
				A00000000000000000019A /* MatchLogTutorialView.swift */,
				A000000000000000000116 /* QuickLogView.swift */,
				A000000000000000000118 /* MatchJournalEntryView.swift */,
				A00000000000000000011A /* LogStreakBadge.swift */,
				A00000000000000000011C /* MatchCalendarView.swift */,
				A00000000000000000011E /* MatchTrendDashboardView.swift */,
				A000000000000000000130 /* PolygonMath.swift */,
				A000000000000000000132 /* CourtTapDrill.swift */,
				A000000000000000000134 /* CourtTapDrillManager.swift */,
				A000000000000000000136 /* CourtTapDrillView.swift */,
				A000000000000000000138 /* DrillResultView.swift */,
				A000000000000000000140 /* ActivityRingsView.swift */,
				A000000000000000000150 /* AvatarConfig.swift */,
				A000000000000000000152 /* AvatarManager.swift */,
				A000000000000000000154 /* TennisAvatarView.swift */,
				A000000000000000000156 /* AvatarLockerRoomView.swift */,
				A000000000000000000160 /* ProShotPattern.swift */,
				A000000000000000000162 /* ProShotPatternsManager.swift */,
				A000000000000000000164 /* ProShotAnimationView.swift */,
				A000000000000000000166 /* ProShotCard.swift */,
				A000000000000000000168 /* pro_shot_patterns.json */,
				A00000000000000000013A /* court_tap_drills.json */,
				A000000000000000000038 /* AppPalette.swift */,
				A000000000000000000040 /* AppConfiguration.swift */,
				A000000000000000000041 /* BundleContentLoader.swift */,
				A00000000000000000001A /* MobilityFlowDetailView.swift */,
				A00000000000000000001B /* MobilityLibraryView.swift */,
				A00000000000000000001C /* QuizView.swift */,
				A00000000000000000001D /* QuizViewModel.swift */,
				A000000000000000000042 /* OnboardingView.swift */,
				A000000000000000000043 /* PaywallView.swift */,
				A000000000000000000044 /* CommunityViews.swift */,
				A000000000000000000045 /* LegalDocumentView.swift */,
				A000000000000000000030 /* TrainingProgram.swift */,
				A000000000000000000031 /* TrainingProgressManager.swift */,
				A000000000000000000032 /* TrainingHubView.swift */,
				A000000000000000000033 /* TrainingProgramDetailView.swift */,
				A000000000000000000046 /* Assets.xcassets */,
				A000000000000000000047 /* quiz_questions.json */,
				A000000000000000000048 /* training_programs.json */,
				A000000000000000000049 /* mobility_flows.json */,
				A000000000000000000005 /* Products */,
				36A5E7C12F95D37A00BCD7DA /* Recovered References */,
				3202C85F90AD57ACD0D03801 /* CourtIQ */,
			);
			sourceTree = "<group>";
		};
		A000000000000000000005 /* Products */ = {
			isa = PBXGroup;
			children = (
				A00000000000000000000D /* CourtIQ.app */,
			);
			name = Products;
			sourceTree = "<group>";
		};
		ED8DE3B4007E4DE96476430F /* Doubles */ = {
			isa = PBXGroup;
			children = (
				36E1B446511C087992AD61E2 /* DoublesProfile.swift */,
				9CB18F8864A4FA1F1DFD0AA3 /* DoublesResult.swift */,
				87B387A1D3F31C455951CAD2 /* DoublesCompatibility.swift */,
				29274B087647F696C6DC5407 /* DoublesCopy.swift */,
				DEE3293917384C878A229C02 /* DoublesPartnership.swift */,
				31FB4EA3DDDB16F3630DE40F /* DoublesStore.swift */,
				F58EEBF375954F4E911B4689 /* DoublesHomeView.swift */,
				083A41EC8E7C7AAC767F6CBC /* DoublesQuestionnaireView.swift */,
				711C227399F9B9B1FAF83361 /* DoublesResultView.swift */,
				5BD1697CA8AE51EA5DF5C744 /* DoublesService.swift */,
				39DFBC699C961CE7BC803B4A /* DoublesInviteView.swift */,
				2E00DD9F2EDFAEE955C63065 /* DoublesJoinView.swift */,
				1A15AD082E431178446E3B3B /* DoublesAnswerForm.swift */,
			);
			name = Doubles;
			sourceTree = SOURCE_ROOT;
		};
/* End PBXGroup section */

/* Begin PBXNativeTarget section */
		A000000000000000000006 /* CourtIQ */ = {
			isa = PBXNativeTarget;
			buildConfigurationList = A000000000000000000007 /* Build configuration list for PBXNativeTarget "CourtIQ" */;
			buildPhases = (
				A00000000000000000000A /* Sources */,
				A00000000000000000000B /* Frameworks */,
				A00000000000000000000C /* Resources */,
			);
			buildRules = (
			);
			dependencies = (
			);
			name = CourtIQ;
			productName = CourtIQ;
			productReference = A00000000000000000000D /* CourtIQ.app */;
			productType = "com.apple.product-type.application";
		};
/* End PBXNativeTarget section */

/* Begin PBXProject section */
		A000000000000000000000 /* Project object */ = {
			isa = PBXProject;
			attributes = {
				LastUpgradeCheck = 1530;
				ORGANIZATIONNAME = CourtIQ;
			};
			buildConfigurationList = A000000000000000000001 /* Build configuration list for PBXProject "CourtIQ" */;
			compatibilityVersion = "Xcode 15.0";
			developmentRegion = English;
			hasScannedForEncodings = 0;
			knownRegions = (
				English,
				en,
				tr,
			);
			mainGroup = A000000000000000000004;
			productRefGroup = A000000000000000000005 /* Products */;
			projectDirPath = "";
			projectRoot = "";
			targets = (
				A000000000000000000006 /* CourtIQ */,
			);
		};
/* End PBXProject section */

/* Begin PBXResourcesBuildPhase section */
		A00000000000000000000C /* Resources */ = {
			isa = PBXResourcesBuildPhase;
			buildActionMask = 2147483647;
			files = (
				A000000000000000000060 /* Assets.xcassets in Resources */,
				A000000000000000000057 /* quiz_questions.json in Resources */,
				A000000000000000000058 /* training_programs.json in Resources */,
				A000000000000000000059 /* mobility_flows.json in Resources */,
				A00000000000000000006A /* Localizable.strings in Resources */,
				A0000000000000000000C1 /* PrivacyInfo.xcprivacy in Resources */,
				A00000000000000000013B /* court_tap_drills.json in Resources */,
				A000000000000000000169 /* pro_shot_patterns.json in Resources */,
			);
			runOnlyForDeploymentPostprocessing = 0;
		};
/* End PBXResourcesBuildPhase section */

/* Begin PBXSourcesBuildPhase section */
		A00000000000000000000A /* Sources */ = {
			isa = PBXSourcesBuildPhase;
			buildActionMask = 2147483647;
			files = (
				A000000000000000000020 /* CourtIQApp.swift in Sources */,
				A000000000000000000021 /* MainTabView.swift in Sources */,
				A000000000000000000022 /* PracticeView.swift in Sources */,
				A000000000000000000023 /* ProfileView.swift in Sources */,
				A000000000000000000024 /* TodayView.swift in Sources */,
				A000000000000000000025 /* DailyQuizManager.swift in Sources */,
				A000000000000000000026 /* DiscussionThread.swift in Sources */,
				A000000000000000000027 /* MobilityFlow.swift in Sources */,
				A000000000000000000028 /* Quiz.swift in Sources */,
				A000000000000000000029 /* UserSession.swift in Sources */,
				A00000000000000000002A /* MobilityFlowDetailView.swift in Sources */,
				A00000000000000000002B /* MobilityLibraryView.swift in Sources */,
				A00000000000000000002C /* QuizView.swift in Sources */,
				A00000000000000000002D /* QuizViewModel.swift in Sources */,
				A000000000000000000039 /* AppPalette.swift in Sources */,
				A000000000000000000050 /* AppConfiguration.swift in Sources */,
				A000000000000000000051 /* BundleContentLoader.swift in Sources */,
				A000000000000000000052 /* OnboardingView.swift in Sources */,
				A000000000000000000053 /* PaywallView.swift in Sources */,
				A000000000000000000054 /* CommunityViews.swift in Sources */,
				A000000000000000000055 /* LegalDocumentView.swift in Sources */,
				A000000000000000000034 /* TrainingProgram.swift in Sources */,
				A000000000000000000035 /* TrainingProgressManager.swift in Sources */,
				A000000000000000000036 /* TrainingHubView.swift in Sources */,
				A000000000000000000037 /* TrainingProgramDetailView.swift in Sources */,
				A00000000000000000005B /* DailyTip.swift in Sources */,
				A00000000000000000005D /* TennisPlayerLevel.swift in Sources */,
				A00000000000000000005F /* TennisPlayerBadgeView.swift in Sources */,
				A000000000000000000062 /* PlayerProgressionManager.swift in Sources */,
				A000000000000000000064 /* LevelProgressionPathView.swift in Sources */,
				A000000000000000000066 /* LanguageManager.swift in Sources */,
				A0000000000000000000B1 /* TennisVisuals.swift in Sources */,
				A0000000000000000000B3 /* FeedbackComposer.swift in Sources */,
				A0000000000000000000B5 /* CrashReporter.swift in Sources */,
				A0000000000000000000D1 /* HealthAcknowledgmentView.swift in Sources */,
				A0000000000000000000D3 /* TrainSafelyBanner.swift in Sources */,
				A0000000000000000000E1 /* NotificationManager.swift in Sources */,
				A0000000000000000000E3 /* NotificationPreAskSheet.swift in Sources */,
				A0000000000000000000F1 /* Haptics.swift in Sources */,
				A00000000000000000016B /* LaunchOffer.swift in Sources */,
				A00000000000000000016D /* MatchMediaStore.swift in Sources */,
				A00000000000000000016F /* VoiceNoteRecorder.swift in Sources */,
				A000000000000000000171 /* NotificationSettingsView.swift in Sources */,
				A000000000000000000173 /* CoachSession.swift in Sources */,
				A000000000000000000175 /* CoachPairView.swift in Sources */,
				A000000000000000000177 /* CoachQuickLogView.swift in Sources */,
				A000000000000000000179 /* CoachReveal.swift in Sources */,
				A00000000000000000017B /* MobilityAnimationPreview.swift in Sources */,
				A00000000000000000017D /* FigureApproachComparison.swift in Sources */,
				A00000000000000000017F /* HybridMobilityFigure.swift in Sources */,
				A000000000000000000181 /* AIChatModels.swift in Sources */,
				A000000000000000000183 /* AIChatClient.swift in Sources */,
				A000000000000000000199 /* MatchMemoryStore.swift in Sources */,
				A000000000000000000185 /* AICoachView.swift in Sources */,
				A000000000000000000187 /* AICoachThreadView.swift in Sources */,
				A000000000000000000189 /* AICoachPaywallStub.swift in Sources */,
				A00000000000000000018B /* AICoachImportView.swift in Sources */,
				A00000000000000000018D /* TacticalProfile.swift in Sources */,
				A00000000000000000018F /* TacticalProfileCard.swift in Sources */,
				A000000000000000000191 /* PlayStyleProfile.swift in Sources */,
				A000000000000000000193 /* PlayStyleProfileCard.swift in Sources */,
				A000000000000000000195 /* SelfAssessment.swift in Sources */,
				A000000000000000000197 /* SelfAssessmentStep.swift in Sources */,
				A000000000000000000101 /* TourStep.swift in Sources */,
				A000000000000000000111 /* MatchEntry.swift in Sources */,
				A000000000000000000113 /* MatchEntryManager.swift in Sources */,
				A000000000000000000115 /* MatchesListView.swift in Sources */,
				A00000000000000000019B /* MatchLogTutorialView.swift in Sources */,
				A000000000000000000117 /* QuickLogView.swift in Sources */,
				A000000000000000000119 /* MatchJournalEntryView.swift in Sources */,
				A00000000000000000011B /* LogStreakBadge.swift in Sources */,
				A00000000000000000011D /* MatchCalendarView.swift in Sources */,
				A00000000000000000011F /* MatchTrendDashboardView.swift in Sources */,
				A000000000000000000131 /* PolygonMath.swift in Sources */,
				A000000000000000000133 /* CourtTapDrill.swift in Sources */,
				A000000000000000000135 /* CourtTapDrillManager.swift in Sources */,
				A000000000000000000137 /* CourtTapDrillView.swift in Sources */,
				A000000000000000000139 /* DrillResultView.swift in Sources */,
				A000000000000000000141 /* ActivityRingsView.swift in Sources */,
				A000000000000000000151 /* AvatarConfig.swift in Sources */,
				A000000000000000000153 /* AvatarManager.swift in Sources */,
				A000000000000000000155 /* TennisAvatarView.swift in Sources */,
				A000000000000000000157 /* AvatarLockerRoomView.swift in Sources */,
				A000000000000000000161 /* ProShotPattern.swift in Sources */,
				A000000000000000000163 /* ProShotPatternsManager.swift in Sources */,
				A000000000000000000165 /* ProShotAnimationView.swift in Sources */,
				A000000000000000000167 /* ProShotCard.swift in Sources */,
				C26900CB5905CD2F9B6286A5 /* DoublesProfile.swift in Sources */,
				AC1E3563944B0D3E4A96CB14 /* DoublesResult.swift in Sources */,
				EE369F4F2BA54812315FE57C /* DoublesCompatibility.swift in Sources */,
				2962E627E3490E4DBF9ECAFA /* DoublesCopy.swift in Sources */,
				D4D827C055058DF1AED2C3DD /* DoublesPartnership.swift in Sources */,
				A6C23E3C6EDDBEB3C15129A6 /* DoublesStore.swift in Sources */,
				8BF4EE7FC34F81C396EAA65B /* DoublesHomeView.swift in Sources */,
				8934F0431B9250FF178695DA /* DoublesQuestionnaireView.swift in Sources */,
				B8681012113B3671A52DC5B7 /* DoublesResultView.swift in Sources */,
				42D6A58A8B0280B016D8C3A7 /* DoublesService.swift in Sources */,
				16002FEF5263CEF6D01B6E40 /* DoublesInviteView.swift in Sources */,
				C1D79EBF000E325CE44A5EC9 /* DoublesJoinView.swift in Sources */,
				BE0A27F3A107F573AF6D6916 /* DoublesAnswerForm.swift in Sources */,
			);
			runOnlyForDeploymentPostprocessing = 0;
		};
/* End PBXSourcesBuildPhase section */

/* Begin PBXVariantGroup section */
		A000000000000000000069 /* Localizable.strings */ = {
			isa = PBXVariantGroup;
			children = (
				A000000000000000000067 /* en */,
				A000000000000000000068 /* tr */,
			);
			name = Localizable.strings;
			sourceTree = "<group>";
		};
/* End PBXVariantGroup section */

/* Begin XCBuildConfiguration section */
		A000000000000000000002 /* Debug */ = {
			isa = XCBuildConfiguration;
			buildSettings = {
				ALWAYS_SEARCH_USER_PATHS = NO;
				CLANG_ENABLE_MODULES = YES;
				ENABLE_BITCODE = NO;
				GCC_C_LANGUAGE_STANDARD = gnu11;
				MACOSX_DEPLOYMENT_TARGET = 14.0;
				PRODUCT_NAME = "$(TARGET_NAME)";
				SWIFT_VERSION = 5.9;
			};
			name = Debug;
		};
		A000000000000000000003 /* Release */ = {
			isa = XCBuildConfiguration;
			buildSettings = {
				ALWAYS_SEARCH_USER_PATHS = NO;
				CLANG_ENABLE_MODULES = YES;
				ENABLE_BITCODE = NO;
				GCC_C_LANGUAGE_STANDARD = gnu11;
				MACOSX_DEPLOYMENT_TARGET = 14.0;
				PRODUCT_NAME = "$(TARGET_NAME)";
				SWIFT_VERSION = 5.9;
			};
			name = Release;
		};
		A000000000000000000008 /* Debug */ = {
			isa = XCBuildConfiguration;
			buildSettings = {
				ALWAYS_EMBED_SWIFT_STANDARD_LIBRARIES = YES;
				ASSETCATALOG_COMPILER_APPICON_NAME = AppIcon;
				CLANG_ENABLE_MODULES = YES;
				CODE_SIGNING_ALLOWED = YES;
				CODE_SIGNING_REQUIRED = YES;
				CODE_SIGN_ENTITLEMENTS = CourtIQ/CourtIQ.entitlements;
				CODE_SIGN_STYLE = Automatic;
				DEVELOPMENT_TEAM = DC8ALPY949;
				ENABLE_BITCODE = NO;
				INFOPLIST_FILE = CourtIQ/Info.plist;
				IPHONEOS_DEPLOYMENT_TARGET = 17.0;
				LD_RUNPATH_SEARCH_PATHS = (
					"$(inherited)",
					"@executable_path/Frameworks",
				);
				PRODUCT_BUNDLE_IDENTIFIER = com.canayan93.courtiq;
				PRODUCT_NAME = CourtIQ;
				SDKROOT = iphoneos;
				SUPPORTS_MACCATALYST = NO;
				SWIFT_VERSION = 5.9;
				TARGETED_DEVICE_FAMILY = 1;
			};
			name = Debug;
		};
		A000000000000000000009 /* Release */ = {
			isa = XCBuildConfiguration;
			buildSettings = {
				ALWAYS_EMBED_SWIFT_STANDARD_LIBRARIES = YES;
				ASSETCATALOG_COMPILER_APPICON_NAME = AppIcon;
				CLANG_ENABLE_MODULES = YES;
				CODE_SIGNING_ALLOWED = YES;
				CODE_SIGNING_REQUIRED = YES;
				CODE_SIGN_ENTITLEMENTS = CourtIQ/CourtIQ.entitlements;
				CODE_SIGN_STYLE = Automatic;
				DEVELOPMENT_TEAM = DC8ALPY949;
				ENABLE_BITCODE = NO;
				INFOPLIST_FILE = CourtIQ/Info.plist;
				IPHONEOS_DEPLOYMENT_TARGET = 17.0;
				LD_RUNPATH_SEARCH_PATHS = (
					"$(inherited)",
					"@executable_path/Frameworks",
				);
				PRODUCT_BUNDLE_IDENTIFIER = com.canayan93.courtiq;
				PRODUCT_NAME = CourtIQ;
				SDKROOT = iphoneos;
				SUPPORTS_MACCATALYST = NO;
				SWIFT_OPTIMIZATION_LEVEL = "-O";
				SWIFT_VERSION = 5.9;
				TARGETED_DEVICE_FAMILY = 1;
			};
			name = Release;
		};
/* End XCBuildConfiguration section */

/* Begin XCConfigurationList section */
		A000000000000000000001 /* Build configuration list for PBXProject "CourtIQ" */ = {
			isa = XCConfigurationList;
			buildConfigurations = (
				A000000000000000000002 /* Debug */,
				A000000000000000000003 /* Release */,
			);
			defaultConfigurationIsVisible = 0;
			defaultConfigurationName = Debug;
		};
		A000000000000000000007 /* Build configuration list for PBXNativeTarget "CourtIQ" */ = {
			isa = XCConfigurationList;
			buildConfigurations = (
				A000000000000000000008 /* Debug */,
				A000000000000000000009 /* Release */,
			);
			defaultConfigurationIsVisible = 0;
			defaultConfigurationName = Debug;
		};
/* End XCConfigurationList section */
	};
	rootObject = A000000000000000000000 /* Project object */;
}
