// !$*UTF8*$!
{
	archiveVersion = 1;
	classes = {
	};
	objectVersion = 60;
	objects = {

/* Begin PBXBuildFile section */
		01E3B5805B3AC2D9B83BCC20 /* AICoachConsentView.swift in Sources */ = {isa = PBXBuildFile; fileRef = B5431D73E4D73B3EE01C53B1 /* AICoachConsentView.swift */; };
		1A275837D4E1234623ADF76B /* OnboardingResultView.swift in Sources */ = {isa = PBXBuildFile; fileRef = C2A78F773019502E640D876E /* OnboardingResultView.swift */; };
		37CFB2A76B818800CC50DB26 /* TennisProfile.swift in Sources */ = {isa = PBXBuildFile; fileRef = F05402E3DB1FAD67D0AA4FB6 /* TennisProfile.swift */; };
		40B005397ED3CCD0B527A1D9 /* TennisProfileResultView.swift in Sources */ = {isa = PBXBuildFile; fileRef = 0557CE18D7A694CEF536677C /* TennisProfileResultView.swift */; };
		48C4087920AD7AE0BF5F3C5C /* TennisProfileStore.swift in Sources */ = {isa = PBXBuildFile; fileRef = FB3FE68853468703A4B5AC96 /* TennisProfileStore.swift */; };
		5F71E0F3BD2E9BA2AC5CC711 /* TennisProfileCopy.swift in Sources */ = {isa = PBXBuildFile; fileRef = 4B7C2AA916BE624A71B6017F /* TennisProfileCopy.swift */; };
		862D526A29888767C02706F3 /* OnboardingCopy.swift in Sources */ = {isa = PBXBuildFile; fileRef = C99C6606DBC58D08EB834A69 /* OnboardingCopy.swift */; };
		8CD188FE56C7D92CF1FF809F /* OnboardingFlowView.swift in Sources */ = {isa = PBXBuildFile; fileRef = 8EDDBDA9A7035EE3626F5589 /* OnboardingFlowView.swift */; };
		9951D0CC2EF78EAF560B3E98 /* CourtIQAppPreviewUITest.swift in Sources */ = {isa = PBXBuildFile; fileRef = 82C98DCFD79E34F8766234FD /* CourtIQAppPreviewUITest.swift */; };
		A000000000000000000020 /* CourtIQApp.swift in Sources */ = {isa = PBXBuildFile; fileRef = A000000000000000000010 /* CourtIQApp.swift */; };
		A000000000000000000021 /* MainTabView.swift in Sources */ = {isa = PBXBuildFile; fileRef = A000000000000000000011 /* MainTabView.swift */; };
		A000000000000000000022 /* PracticeView.swift in Sources */ = {isa = PBXBuildFile; fileRef = A000000000000000000012 /* PracticeView.swift */; };
		A000000000000000000023 /* ProfileView.swift in Sources */ = {isa = PBXBuildFile; fileRef = A000000000000000000013 /* ProfileView.swift */; };
		A000000000000000000024 /* TodayView.swift in Sources */ = {isa = PBXBuildFile; fileRef = A000000000000000000014 /* TodayView.swift */; };
		A000000000000000000025 /* DailyQuizManager.swift in Sources */ = {isa = PBXBuildFile; fileRef = A000000000000000000015 /* DailyQuizManager.swift */; };
		A000000000000000000026 /* DiscussionThread.swift in Sources */ = {isa = PBXBuildFile; fileRef = A000000000000000000016 /* DiscussionThread.swift */; };
		A000000000000000000027 /* MobilityFlow.swift in Sources */ = {isa = PBXBuildFile; fileRef = A000000000000000000017 /* MobilityFlow.swift */; };
		A000000000000000000028 /* Quiz.swift in Sources */ = {isa = PBXBuildFile; fileRef = A000000000000000000018 /* Quiz.swift */; };
		A000000000000000000029 /* UserSession.swift in Sources */ = {isa = PBXBuildFile; fileRef = A000000000000000000019 /* UserSession.swift */; };
		A00000000000000000002A /* MobilityFlowDetailView.swift in Sources */ = {isa = PBXBuildFile; fileRef = A00000000000000000001A /* MobilityFlowDetailView.swift */; };
		A00000000000000000002B /* MobilityLibraryView.swift in Sources */ = {isa = PBXBuildFile; fileRef = A00000000000000000001B /* MobilityLibraryView.swift */; };
		A00000000000000000002C /* QuizView.swift in Sources */ = {isa = PBXBuildFile; fileRef = A00000000000000000001C /* QuizView.swift */; };
		A00000000000000000002D /* QuizViewModel.swift in Sources */ = {isa = PBXBuildFile; fileRef = A00000000000000000001D /* QuizViewModel.swift */; };
		A000000000000000000034 /* TrainingProgram.swift in Sources */ = {isa = PBXBuildFile; fileRef = A000000000000000000030 /* TrainingProgram.swift */; };
		A000000000000000000035 /* TrainingProgressManager.swift in Sources */ = {isa = PBXBuildFile; fileRef = A000000000000000000031 /* TrainingProgressManager.swift */; };
		A000000000000000000036 /* TrainingHubView.swift in Sources */ = {isa = PBXBuildFile; fileRef = A000000000000000000032 /* TrainingHubView.swift */; };
		A000000000000000000037 /* TrainingProgramDetailView.swift in Sources */ = {isa = PBXBuildFile; fileRef = A000000000000000000033 /* TrainingProgramDetailView.swift */; };
		A000000000000000000039 /* AppPalette.swift in Sources */ = {isa = PBXBuildFile; fileRef = A000000000000000000038 /* AppPalette.swift */; };
		A000000000000000000050 /* AppConfiguration.swift in Sources */ = {isa = PBXBuildFile; fileRef = A000000000000000000040 /* AppConfiguration.swift */; };
		A000000000000000000051 /* BundleContentLoader.swift in Sources */ = {isa = PBXBuildFile; fileRef = A000000000000000000041 /* BundleContentLoader.swift */; };
		A000000000000000000052 /* OnboardingView.swift in Sources */ = {isa = PBXBuildFile; fileRef = A000000000000000000042 /* OnboardingView.swift */; };
		A000000000000000000053 /* PaywallView.swift in Sources */ = {isa = PBXBuildFile; fileRef = A000000000000000000043 /* PaywallView.swift */; };
		A000000000000000000054 /* CommunityViews.swift in Sources */ = {isa = PBXBuildFile; fileRef = A000000000000000000044 /* CommunityViews.swift */; };
		A000000000000000000055 /* LegalDocumentView.swift in Sources */ = {isa = PBXBuildFile; fileRef = A000000000000000000045 /* LegalDocumentView.swift */; };
		A000000000000000000057 /* quiz_questions.json in Resources */ = {isa = PBXBuildFile; fileRef = A000000000000000000047 /* quiz_questions.json */; };
		A000000000000000000058 /* training_programs.json in Resources */ = {isa = PBXBuildFile; fileRef = A000000000000000000048 /* training_programs.json */; };
		A000000000000000000059 /* mobility_flows.json in Resources */ = {isa = PBXBuildFile; fileRef = A000000000000000000049 /* mobility_flows.json */; };
		A00000000000000000005B /* DailyTip.swift in Sources */ = {isa = PBXBuildFile; fileRef = A00000000000000000005A /* DailyTip.swift */; };
		A00000000000000000005D /* TennisPlayerLevel.swift in Sources */ = {isa = PBXBuildFile; fileRef = A00000000000000000005C /* TennisPlayerLevel.swift */; };
		A00000000000000000005F /* TennisPlayerBadgeView.swift in Sources */ = {isa = PBXBuildFile; fileRef = A00000000000000000005E /* TennisPlayerBadgeView.swift */; };
		A000000000000000000060 /* Assets.xcassets in Resources */ = {isa = PBXBuildFile; fileRef = A000000000000000000046 /* Assets.xcassets */; };
		A000000000000000000062 /* PlayerProgressionManager.swift in Sources */ = {isa = PBXBuildFile; fileRef = A000000000000000000061 /* PlayerProgressionManager.swift */; };
		A000000000000000000064 /* LevelProgressionPathView.swift in Sources */ = {isa = PBXBuildFile; fileRef = A000000000000000000063 /* LevelProgressionPathView.swift */; };
		A000000000000000000066 /* LanguageManager.swift in Sources */ = {isa = PBXBuildFile; fileRef = A000000000000000000065 /* LanguageManager.swift */; };
		A00000000000000000006A /* Localizable.strings in Resources */ = {isa = PBXBuildFile; fileRef = A000000000000000000069 /* Localizable.strings */; };
		A0000000000000000000B1 /* TennisVisuals.swift in Sources */ = {isa = PBXBuildFile; fileRef = A0000000000000000000B0 /* TennisVisuals.swift */; };
		A0000000000000000000B3 /* FeedbackComposer.swift in Sources */ = {isa = PBXBuildFile; fileRef = A0000000000000000000B2 /* FeedbackComposer.swift */; };
		A0000000000000000000B5 /* CrashReporter.swift in Sources */ = {isa = PBXBuildFile; fileRef = A0000000000000000000B4 /* CrashReporter.swift */; };
		A0000000000000000000C1 /* PrivacyInfo.xcprivacy in Resources */ = {isa = PBXBuildFile; fileRef = A0000000000000000000C0 /* PrivacyInfo.xcprivacy */; };
		A0000000000000000000D1 /* HealthAcknowledgmentView.swift in Sources */ = {isa = PBXBuildFile; fileRef = A0000000000000000000D0 /* HealthAcknowledgmentView.swift */; };
		A0000000000000000000D3 /* TrainSafelyBanner.swift in Sources */ = {isa = PBXBuildFile; fileRef = A0000000000000000000D2 /* TrainSafelyBanner.swift */; };
		A0000000000000000000E1 /* NotificationManager.swift in Sources */ = {isa = PBXBuildFile; fileRef = A0000000000000000000E0 /* NotificationManager.swift */; };
		A0000000000000000000E3 /* NotificationPreAskSheet.swift in Sources */ = {isa = PBXBuildFile; fileRef = A0000000000000000000E2 /* NotificationPreAskSheet.swift */; };
		A0000000000000000000F1 /* Haptics.swift in Sources */ = {isa = PBXBuildFile; fileRef = A0000000000000000000F0 /* Haptics.swift */; };
		A000000000000000000101 /* TourStep.swift in Sources */ = {isa = PBXBuildFile; fileRef = A000000000000000000100 /* TourStep.swift */; };
		A000000000000000000111 /* MatchEntry.swift in Sources */ = {isa = PBXBuildFile; fileRef = A000000000000000000110 /* MatchEntry.swift */; };
		A000000000000000000113 /* MatchEntryManager.swift in Sources */ = {isa = PBXBuildFile; fileRef = A000000000000000000112 /* MatchEntryManager.swift */; };
		A000000000000000000115 /* MatchesListView.swift in Sources */ = {isa = PBXBuildFile; fileRef = A000000000000000000114 /* MatchesListView.swift */; };
		A000000000000000000117 /* QuickLogView.swift in Sources */ = {isa = PBXBuildFile; fileRef = A000000000000000000116 /* QuickLogView.swift */; };
		A000000000000000000119 /* MatchJournalEntryView.swift in Sources */ = {isa = PBXBuildFile; fileRef = A000000000000000000118 /* MatchJournalEntryView.swift */; };
		A00000000000000000011B /* LogStreakBadge.swift in Sources */ = {isa = PBXBuildFile; fileRef = A00000000000000000011A /* LogStreakBadge.swift */; };
		A00000000000000000011D /* MatchCalendarView.swift in Sources */ = {isa = PBXBuildFile; fileRef = A00000000000000000011C /* MatchCalendarView.swift */; };
		A00000000000000000011F /* MatchTrendDashboardView.swift in Sources */ = {isa = PBXBuildFile; fileRef = A00000000000000000011E /* MatchTrendDashboardView.swift */; };
		A000000000000000000131 /* PolygonMath.swift in Sources */ = {isa = PBXBuildFile; fileRef = A000000000000000000130 /* PolygonMath.swift */; };
		A000000000000000000133 /* CourtTapDrill.swift in Sources */ = {isa = PBXBuildFile; fileRef = A000000000000000000132 /* CourtTapDrill.swift */; };
		A000000000000000000135 /* CourtTapDrillManager.swift in Sources */ = {isa = PBXBuildFile; fileRef = A000000000000000000134 /* CourtTapDrillManager.swift */; };
		A000000000000000000137 /* CourtTapDrillView.swift in Sources */ = {isa = PBXBuildFile; fileRef = A000000000000000000136 /* CourtTapDrillView.swift */; };
		A000000000000000000139 /* DrillResultView.swift in Sources */ = {isa = PBXBuildFile; fileRef = A000000000000000000138 /* DrillResultView.swift */; };
		A00000000000000000013B /* court_tap_drills.json in Resources */ = {isa = PBXBuildFile; fileRef = A00000000000000000013A /* court_tap_drills.json */; };
		A000000000000000000141 /* ActivityRingsView.swift in Sources */ = {isa = PBXBuildFile; fileRef = A000000000000000000140 /* ActivityRingsView.swift */; };
		A000000000000000000151 /* AvatarConfig.swift in Sources */ = {isa = PBXBuildFile; fileRef = A000000000000000000150 /* AvatarConfig.swift */; };
		A000000000000000000153 /* AvatarManager.swift in Sources */ = {isa = PBXBuildFile; fileRef = A000000000000000000152 /* AvatarManager.swift */; };
		A000000000000000000155 /* TennisAvatarView.swift in Sources */ = {isa = PBXBuildFile; fileRef = A000000000000000000154 /* TennisAvatarView.swift */; };
		A000000000000000000157 /* AvatarLockerRoomView.swift in Sources */ = {isa = PBXBuildFile; fileRef = A000000000000000000156 /* AvatarLockerRoomView.swift */; };
		A000000000000000000161 /* ProShotPattern.swift in Sources */ = {isa = PBXBuildFile; fileRef = A000000000000000000160 /* ProShotPattern.swift */; };
		A000000000000000000163 /* ProShotPatternsManager.swift in Sources */ = {isa = PBXBuildFile; fileRef = A000000000000000000162 /* ProShotPatternsManager.swift */; };
		A000000000000000000165 /* ProShotAnimationView.swift in Sources */ = {isa = PBXBuildFile; fileRef = A000000000000000000164 /* ProShotAnimationView.swift */; };
		A000000000000000000167 /* ProShotCard.swift in Sources */ = {isa = PBXBuildFile; fileRef = A000000000000000000166 /* ProShotCard.swift */; };
		A000000000000000000169 /* pro_shot_patterns.json in Resources */ = {isa = PBXBuildFile; fileRef = A000000000000000000168 /* pro_shot_patterns.json */; };
		A00000000000000000016B /* LaunchOffer.swift in Sources */ = {isa = PBXBuildFile; fileRef = A00000000000000000016A /* LaunchOffer.swift */; };
		A00000000000000000016D /* MatchMediaStore.swift in Sources */ = {isa = PBXBuildFile; fileRef = A00000000000000000016C /* MatchMediaStore.swift */; };
		A00000000000000000016F /* VoiceNoteRecorder.swift in Sources */ = {isa = PBXBuildFile; fileRef = A00000000000000000016E /* VoiceNoteRecorder.swift */; };
		A000000000000000000171 /* NotificationSettingsView.swift in Sources */ = {isa = PBXBuildFile; fileRef = A000000000000000000170 /* NotificationSettingsView.swift */; };
		A00000000000000000017B /* MobilityAnimationPreview.swift in Sources */ = {isa = PBXBuildFile; fileRef = A00000000000000000017A /* MobilityAnimationPreview.swift */; };
		A00000000000000000017D /* FigureApproachComparison.swift in Sources */ = {isa = PBXBuildFile; fileRef = A00000000000000000017C /* FigureApproachComparison.swift */; };
		A00000000000000000017F /* HybridMobilityFigure.swift in Sources */ = {isa = PBXBuildFile; fileRef = A00000000000000000017E /* HybridMobilityFigure.swift */; };
		A000000000000000000181 /* AIChatModels.swift in Sources */ = {isa = PBXBuildFile; fileRef = A000000000000000000180 /* AIChatModels.swift */; };
		A000000000000000000183 /* AIChatClient.swift in Sources */ = {isa = PBXBuildFile; fileRef = A000000000000000000182 /* AIChatClient.swift */; };
		A000000000000000000185 /* AICoachView.swift in Sources */ = {isa = PBXBuildFile; fileRef = A000000000000000000184 /* AICoachView.swift */; };
		A000000000000000000187 /* AICoachThreadView.swift in Sources */ = {isa = PBXBuildFile; fileRef = A000000000000000000186 /* AICoachThreadView.swift */; };
		A000000000000000000189 /* AICoachPaywallStub.swift in Sources */ = {isa = PBXBuildFile; fileRef = A000000000000000000188 /* AICoachPaywallStub.swift */; };
		A00000000000000000018B /* AICoachImportView.swift in Sources */ = {isa = PBXBuildFile; fileRef = A00000000000000000018A /* AICoachImportView.swift */; };
		A00000000000000000018D /* TacticalProfile.swift in Sources */ = {isa = PBXBuildFile; fileRef = A00000000000000000018C /* TacticalProfile.swift */; };
		A00000000000000000018F /* TacticalProfileCard.swift in Sources */ = {isa = PBXBuildFile; fileRef = A00000000000000000018E /* TacticalProfileCard.swift */; };
		A000000000000000000191 /* PlayStyleProfile.swift in Sources */ = {isa = PBXBuildFile; fileRef = A000000000000000000190 /* PlayStyleProfile.swift */; };
		A000000000000000000193 /* PlayStyleProfileCard.swift in Sources */ = {isa = PBXBuildFile; fileRef = A000000000000000000192 /* PlayStyleProfileCard.swift */; };
		A000000000000000000195 /* SelfAssessment.swift in Sources */ = {isa = PBXBuildFile; fileRef = A000000000000000000194 /* SelfAssessment.swift */; };
		A000000000000000000197 /* SelfAssessmentStep.swift in Sources */ = {isa = PBXBuildFile; fileRef = A000000000000000000196 /* SelfAssessmentStep.swift */; };
		A000000000000000000199 /* MatchMemoryStore.swift in Sources */ = {isa = PBXBuildFile; fileRef = A000000000000000000198 /* MatchMemoryStore.swift */; };
		A00000000000000000019B /* MatchLogTutorialView.swift in Sources */ = {isa = PBXBuildFile; fileRef = A00000000000000000019A /* MatchLogTutorialView.swift */; };
		A0096F05CC68BCC9782F96C5 /* OnboardingBuildingView.swift in Sources */ = {isa = PBXBuildFile; fileRef = 3F14568EE361FE4FD8E1B19F /* OnboardingBuildingView.swift */; };
		A9B92CCD5D6A1DDCE15C8C3B /* TennisProfileScoring.swift in Sources */ = {isa = PBXBuildFile; fileRef = 59EC46A67E526C59A182B12D /* TennisProfileScoring.swift */; };
		BB07C4ADCC7163742CDD7034 /* TennisProfileQuestionnaireView.swift in Sources */ = {isa = PBXBuildFile; fileRef = 04D5B2D2F6843DCDF39EC336 /* TennisProfileQuestionnaireView.swift */; };
		F630E427B39E6175B97B2857 /* Foundation.framework in Frameworks */ = {isa = PBXBuildFile; fileRef = 728F3484008DAA9A8D9F95FC /* Foundation.framework */; };
/* End PBXBuildFile section */

/* Begin PBXContainerItemProxy section */
		7967EE66321338298E0BB737 /* PBXContainerItemProxy */ = {
			isa = PBXContainerItemProxy;
			containerPortal = A000000000000000000000 /* Project object */;
			proxyType = 1;
			remoteGlobalIDString = A000000000000000000006;
			remoteInfo = CourtIQ;
		};
/* End PBXContainerItemProxy section */

/* Begin PBXFileReference section */
		04D5B2D2F6843DCDF39EC336 /* TennisProfileQuestionnaireView.swift */ = {isa = PBXFileReference; includeInIndex = 1; lastKnownFileType = sourcecode.swift; name = TennisProfileQuestionnaireView.swift; path = CourtIQ/Features/TennisProfile/TennisProfileQuestionnaireView.swift; sourceTree = "<group>"; };
		0557CE18D7A694CEF536677C /* TennisProfileResultView.swift */ = {isa = PBXFileReference; includeInIndex = 1; lastKnownFileType = sourcecode.swift; name = TennisProfileResultView.swift; path = CourtIQ/Features/TennisProfile/TennisProfileResultView.swift; sourceTree = "<group>"; };
		3F14568EE361FE4FD8E1B19F /* OnboardingBuildingView.swift */ = {isa = PBXFileReference; includeInIndex = 1; lastKnownFileType = sourcecode.swift; name = OnboardingBuildingView.swift; path = CourtIQ/Features/Onboarding/OnboardingBuildingView.swift; sourceTree = "<group>"; };
		4B7C2AA916BE624A71B6017F /* TennisProfileCopy.swift */ = {isa = PBXFileReference; includeInIndex = 1; lastKnownFileType = sourcecode.swift; name = TennisProfileCopy.swift; path = CourtIQ/Features/TennisProfile/TennisProfileCopy.swift; sourceTree = "<group>"; };
		59EC46A67E526C59A182B12D /* TennisProfileScoring.swift */ = {isa = PBXFileReference; includeInIndex = 1; lastKnownFileType = sourcecode.swift; name = TennisProfileScoring.swift; path = CourtIQ/Features/TennisProfile/TennisProfileScoring.swift; sourceTree = "<group>"; };
		728F3484008DAA9A8D9F95FC /* Foundation.framework */ = {isa = PBXFileReference; lastKnownFileType = wrapper.framework; name = Foundation.framework; path = Platforms/iPhoneOS.platform/Developer/SDKs/iPhoneOS18.0.sdk/System/Library/Frameworks/Foundation.framework; sourceTree = DEVELOPER_DIR; };
		82C98DCFD79E34F8766234FD /* CourtIQAppPreviewUITest.swift */ = {isa = PBXFileReference; includeInIndex = 1; lastKnownFileType = sourcecode.swift; name = CourtIQAppPreviewUITest.swift; path = CourtIQUITests/CourtIQAppPreviewUITest.swift; sourceTree = "<group>"; };
		8EDDBDA9A7035EE3626F5589 /* OnboardingFlowView.swift */ = {isa = PBXFileReference; includeInIndex = 1; lastKnownFileType = sourcecode.swift; name = OnboardingFlowView.swift; path = CourtIQ/Features/Onboarding/OnboardingFlowView.swift; sourceTree = "<group>"; };
		A00000000000000000000D /* CourtIQ.app */ = {isa = PBXFileReference; explicitFileType = wrapper.application; includeInIndex = 0; path = CourtIQ.app; sourceTree = BUILT_PRODUCTS_DIR; };
		A00000000000000000000F /* Info.plist */ = {isa = PBXFileReference; lastKnownFileType = text.plist.xml; name = Info.plist; path = CourtIQ/Info.plist; sourceTree = "<group>"; };
		A000000000000000000010 /* CourtIQApp.swift */ = {isa = PBXFileReference; lastKnownFileType = sourcecode.swift; name = CourtIQApp.swift; path = CourtIQ/App/CourtIQApp.swift; sourceTree = "<group>"; };
		A000000000000000000011 /* MainTabView.swift */ = {isa = PBXFileReference; lastKnownFileType = sourcecode.swift; name = MainTabView.swift; path = CourtIQ/App/MainTabView.swift; sourceTree = "<group>"; };
		A000000000000000000012 /* PracticeView.swift */ = {isa = PBXFileReference; lastKnownFileType = sourcecode.swift; name = PracticeView.swift; path = CourtIQ/App/PracticeView.swift; sourceTree = "<group>"; };
		A000000000000000000013 /* ProfileView.swift */ = {isa = PBXFileReference; lastKnownFileType = sourcecode.swift; name = ProfileView.swift; path = CourtIQ/App/ProfileView.swift; sourceTree = "<group>"; };
		A000000000000000000014 /* TodayView.swift */ = {isa = PBXFileReference; lastKnownFileType = sourcecode.swift; name = TodayView.swift; path = CourtIQ/App/TodayView.swift; sourceTree = "<group>"; };
		A000000000000000000015 /* DailyQuizManager.swift */ = {isa = PBXFileReference; lastKnownFileType = sourcecode.swift; name = DailyQuizManager.swift; path = CourtIQ/Core/Models/DailyQuizManager.swift; sourceTree = "<group>"; };
		A000000000000000000016 /* DiscussionThread.swift */ = {isa = PBXFileReference; lastKnownFileType = sourcecode.swift; name = DiscussionThread.swift; path = CourtIQ/Core/Models/DiscussionThread.swift; sourceTree = "<group>"; };
		A000000000000000000017 /* MobilityFlow.swift */ = {isa = PBXFileReference; lastKnownFileType = sourcecode.swift; name = MobilityFlow.swift; path = CourtIQ/Core/Models/MobilityFlow.swift; sourceTree = "<group>"; };
		A000000000000000000018 /* Quiz.swift */ = {isa = PBXFileReference; lastKnownFileType = sourcecode.swift; name = Quiz.swift; path = CourtIQ/Core/Models/Quiz.swift; sourceTree = "<group>"; };
		A000000000000000000019 /* UserSession.swift */ = {isa = PBXFileReference; lastKnownFileType = sourcecode.swift; name = UserSession.swift; path = CourtIQ/Core/Models/UserSession.swift; sourceTree = "<group>"; };
		A00000000000000000001A /* MobilityFlowDetailView.swift */ = {isa = PBXFileReference; lastKnownFileType = sourcecode.swift; name = MobilityFlowDetailView.swift; path = CourtIQ/Features/Mobility/MobilityFlowDetailView.swift; sourceTree = "<group>"; };
		A00000000000000000001B /* MobilityLibraryView.swift */ = {isa = PBXFileReference; lastKnownFileType = sourcecode.swift; name = MobilityLibraryView.swift; path = CourtIQ/Features/Mobility/MobilityLibraryView.swift; sourceTree = "<group>"; };
		A00000000000000000001C /* QuizView.swift */ = {isa = PBXFileReference; lastKnownFileType = sourcecode.swift; name = QuizView.swift; path = CourtIQ/Features/Quiz/QuizView.swift; sourceTree = "<group>"; };
		A00000000000000000001D /* QuizViewModel.swift */ = {isa = PBXFileReference; lastKnownFileType = sourcecode.swift; name = QuizViewModel.swift; path = CourtIQ/Features/Quiz/QuizViewModel.swift; sourceTree = "<group>"; };
		A000000000000000000030 /* TrainingProgram.swift */ = {isa = PBXFileReference; lastKnownFileType = sourcecode.swift; name = TrainingProgram.swift; path = CourtIQ/Core/Models/TrainingProgram.swift; sourceTree = "<group>"; };
		A000000000000000000031 /* TrainingProgressManager.swift */ = {isa = PBXFileReference; lastKnownFileType = sourcecode.swift; name = TrainingProgressManager.swift; path = CourtIQ/Core/Models/TrainingProgressManager.swift; sourceTree = "<group>"; };
		A000000000000000000032 /* TrainingHubView.swift */ = {isa = PBXFileReference; lastKnownFileType = sourcecode.swift; name = TrainingHubView.swift; path = CourtIQ/Features/Training/TrainingHubView.swift; sourceTree = "<group>"; };
		A000000000000000000033 /* TrainingProgramDetailView.swift */ = {isa = PBXFileReference; lastKnownFileType = sourcecode.swift; name = TrainingProgramDetailView.swift; path = CourtIQ/Features/Training/TrainingProgramDetailView.swift; sourceTree = "<group>"; };
		A000000000000000000038 /* AppPalette.swift */ = {isa = PBXFileReference; lastKnownFileType = sourcecode.swift; name = AppPalette.swift; path = CourtIQ/Core/Models/AppPalette.swift; sourceTree = "<group>"; };
		A000000000000000000040 /* AppConfiguration.swift */ = {isa = PBXFileReference; lastKnownFileType = sourcecode.swift; name = AppConfiguration.swift; path = CourtIQ/Core/Models/AppConfiguration.swift; sourceTree = "<group>"; };
		A000000000000000000041 /* BundleContentLoader.swift */ = {isa = PBXFileReference; lastKnownFileType = sourcecode.swift; name = BundleContentLoader.swift; path = CourtIQ/Core/Models/BundleContentLoader.swift; sourceTree = "<group>"; };
		A000000000000000000042 /* OnboardingView.swift */ = {isa = PBXFileReference; lastKnownFileType = sourcecode.swift; name = OnboardingView.swift; path = CourtIQ/Features/Onboarding/OnboardingView.swift; sourceTree = "<group>"; };
		A000000000000000000043 /* PaywallView.swift */ = {isa = PBXFileReference; lastKnownFileType = sourcecode.swift; name = PaywallView.swift; path = CourtIQ/Features/Paywall/PaywallView.swift; sourceTree = "<group>"; };
		A000000000000000000044 /* CommunityViews.swift */ = {isa = PBXFileReference; lastKnownFileType = sourcecode.swift; name = CommunityViews.swift; path = CourtIQ/Features/Community/CommunityViews.swift; sourceTree = "<group>"; };
		A000000000000000000045 /* LegalDocumentView.swift */ = {isa = PBXFileReference; lastKnownFileType = sourcecode.swift; name = LegalDocumentView.swift; path = CourtIQ/Features/Legal/LegalDocumentView.swift; sourceTree = "<group>"; };
		A000000000000000000046 /* Assets.xcassets */ = {isa = PBXFileReference; lastKnownFileType = folder.assetcatalog; name = Assets.xcassets; path = CourtIQ/Assets.xcassets; sourceTree = "<group>"; };
		A000000000000000000047 /* quiz_questions.json */ = {isa = PBXFileReference; lastKnownFileType = text.json; name = quiz_questions.json; path = CourtIQ/Resources/Content/quiz_questions.json; sourceTree = "<group>"; };
		A000000000000000000048 /* training_programs.json */ = {isa = PBXFileReference; lastKnownFileType = text.json; name = training_programs.json; path = CourtIQ/Resources/Content/training_programs.json; sourceTree = "<group>"; };
		A000000000000000000049 /* mobility_flows.json */ = {isa = PBXFileReference; lastKnownFileType = text.json; name = mobility_flows.json; path = CourtIQ/Resources/Content/mobility_flows.json; sourceTree = "<group>"; };
		A00000000000000000005A /* DailyTip.swift */ = {isa = PBXFileReference; lastKnownFileType = sourcecode.swift; name = DailyTip.swift; path = CourtIQ/Core/Models/DailyTip.swift; sourceTree = "<group>"; };
		A00000000000000000005C /* TennisPlayerLevel.swift */ = {isa = PBXFileReference; lastKnownFileType = sourcecode.swift; name = TennisPlayerLevel.swift; path = CourtIQ/Core/Models/TennisPlayerLevel.swift; sourceTree = "<group>"; };
		A00000000000000000005E /* TennisPlayerBadgeView.swift */ = {isa = PBXFileReference; lastKnownFileType = sourcecode.swift; name = TennisPlayerBadgeView.swift; path = CourtIQ/App/TennisPlayerBadgeView.swift; sourceTree = "<group>"; };
		A000000000000000000061 /* PlayerProgressionManager.swift */ = {isa = PBXFileReference; lastKnownFileType = sourcecode.swift; name = PlayerProgressionManager.swift; path = CourtIQ/Core/Models/PlayerProgressionManager.swift; sourceTree = "<group>"; };
		A000000000000000000063 /* LevelProgressionPathView.swift */ = {isa = PBXFileReference; lastKnownFileType = sourcecode.swift; name = LevelProgressionPathView.swift; path = CourtIQ/Features/Profile/LevelProgressionPathView.swift; sourceTree = "<group>"; };
		A000000000000000000065 /* LanguageManager.swift */ = {isa = PBXFileReference; lastKnownFileType = sourcecode.swift; name = LanguageManager.swift; path = CourtIQ/Core/Utilities/LanguageManager.swift; sourceTree = "<group>"; };
		A000000000000000000067 /* en */ = {isa = PBXFileReference; lastKnownFileType = text.plist.strings; name = en; path = CourtIQ/Resources/en.lproj/Localizable.strings; sourceTree = "<group>"; };
		A000000000000000000068 /* tr */ = {isa = PBXFileReference; lastKnownFileType = text.plist.strings; name = tr; path = CourtIQ/Resources/tr.lproj/Localizable.strings; sourceTree = "<group>"; };
		A0000000000000000000B0 /* TennisVisuals.swift */ = {isa = PBXFileReference; lastKnownFileType = sourcecode.swift; name = TennisVisuals.swift; path = CourtIQ/Core/Utilities/TennisVisuals.swift; sourceTree = "<group>"; };
		A0000000000000000000B2 /* FeedbackComposer.swift */ = {isa = PBXFileReference; lastKnownFileType = sourcecode.swift; name = FeedbackComposer.swift; path = CourtIQ/Core/Utilities/FeedbackComposer.swift; sourceTree = "<group>"; };
		A0000000000000000000B4 /* CrashReporter.swift */ = {isa = PBXFileReference; lastKnownFileType = sourcecode.swift; name = CrashReporter.swift; path = CourtIQ/Core/Utilities/CrashReporter.swift; sourceTree = "<group>"; };
		A0000000000000000000C0 /* PrivacyInfo.xcprivacy */ = {isa = PBXFileReference; lastKnownFileType = text.xml; name = PrivacyInfo.xcprivacy; path = CourtIQ/PrivacyInfo.xcprivacy; sourceTree = "<group>"; };
		A0000000000000000000D0 /* HealthAcknowledgmentView.swift */ = {isa = PBXFileReference; lastKnownFileType = sourcecode.swift; name = HealthAcknowledgmentView.swift; path = CourtIQ/Features/Legal/HealthAcknowledgmentView.swift; sourceTree = "<group>"; };
		A0000000000000000000D2 /* TrainSafelyBanner.swift */ = {isa = PBXFileReference; lastKnownFileType = sourcecode.swift; name = TrainSafelyBanner.swift; path = CourtIQ/Features/Legal/TrainSafelyBanner.swift; sourceTree = "<group>"; };
		A0000000000000000000E0 /* NotificationManager.swift */ = {isa = PBXFileReference; lastKnownFileType = sourcecode.swift; name = NotificationManager.swift; path = CourtIQ/Core/Utilities/NotificationManager.swift; sourceTree = "<group>"; };
		A0000000000000000000E2 /* NotificationPreAskSheet.swift */ = {isa = PBXFileReference; lastKnownFileType = sourcecode.swift; name = NotificationPreAskSheet.swift; path = CourtIQ/Features/Onboarding/NotificationPreAskSheet.swift; sourceTree = "<group>"; };
		A0000000000000000000F0 /* Haptics.swift */ = {isa = PBXFileReference; lastKnownFileType = sourcecode.swift; name = Haptics.swift; path = CourtIQ/Core/Utilities/Haptics.swift; sourceTree = "<group>"; };
		A000000000000000000100 /* TourStep.swift */ = {isa = PBXFileReference; lastKnownFileType = sourcecode.swift; name = TourStep.swift; path = CourtIQ/Features/Onboarding/TourStep.swift; sourceTree = "<group>"; };
		A000000000000000000110 /* MatchEntry.swift */ = {isa = PBXFileReference; lastKnownFileType = sourcecode.swift; name = MatchEntry.swift; path = CourtIQ/Core/Models/MatchEntry.swift; sourceTree = "<group>"; };
		A000000000000000000112 /* MatchEntryManager.swift */ = {isa = PBXFileReference; lastKnownFileType = sourcecode.swift; name = MatchEntryManager.swift; path = CourtIQ/Core/Models/MatchEntryManager.swift; sourceTree = "<group>"; };
		A000000000000000000114 /* MatchesListView.swift */ = {isa = PBXFileReference; lastKnownFileType = sourcecode.swift; name = MatchesListView.swift; path = CourtIQ/Features/Matches/MatchesListView.swift; sourceTree = "<group>"; };
		A000000000000000000116 /* QuickLogView.swift */ = {isa = PBXFileReference; lastKnownFileType = sourcecode.swift; name = QuickLogView.swift; path = CourtIQ/Features/Matches/QuickLogView.swift; sourceTree = "<group>"; };
		A000000000000000000118 /* MatchJournalEntryView.swift */ = {isa = PBXFileReference; lastKnownFileType = sourcecode.swift; name = MatchJournalEntryView.swift; path = CourtIQ/Features/Matches/MatchJournalEntryView.swift; sourceTree = "<group>"; };
		A00000000000000000011A /* LogStreakBadge.swift */ = {isa = PBXFileReference; lastKnownFileType = sourcecode.swift; name = LogStreakBadge.swift; path = CourtIQ/Features/Matches/LogStreakBadge.swift; sourceTree = "<group>"; };
		A00000000000000000011C /* MatchCalendarView.swift */ = {isa = PBXFileReference; lastKnownFileType = sourcecode.swift; name = MatchCalendarView.swift; path = CourtIQ/Features/Matches/MatchCalendarView.swift; sourceTree = "<group>"; };
		A00000000000000000011E /* MatchTrendDashboardView.swift */ = {isa = PBXFileReference; lastKnownFileType = sourcecode.swift; name = MatchTrendDashboardView.swift; path = CourtIQ/Features/Matches/MatchTrendDashboardView.swift; sourceTree = "<group>"; };
		A000000000000000000130 /* PolygonMath.swift */ = {isa = PBXFileReference; lastKnownFileType = sourcecode.swift; name = PolygonMath.swift; path = CourtIQ/Core/Utilities/PolygonMath.swift; sourceTree = "<group>"; };
		A000000000000000000132 /* CourtTapDrill.swift */ = {isa = PBXFileReference; lastKnownFileType = sourcecode.swift; name = CourtTapDrill.swift; path = CourtIQ/Core/Models/CourtTapDrill.swift; sourceTree = "<group>"; };
		A000000000000000000134 /* CourtTapDrillManager.swift */ = {isa = PBXFileReference; lastKnownFileType = sourcecode.swift; name = CourtTapDrillManager.swift; path = CourtIQ/Core/Models/CourtTapDrillManager.swift; sourceTree = "<group>"; };
		A000000000000000000136 /* CourtTapDrillView.swift */ = {isa = PBXFileReference; lastKnownFileType = sourcecode.swift; name = CourtTapDrillView.swift; path = CourtIQ/Features/Drill/CourtTapDrillView.swift; sourceTree = "<group>"; };
		A000000000000000000138 /* DrillResultView.swift */ = {isa = PBXFileReference; lastKnownFileType = sourcecode.swift; name = DrillResultView.swift; path = CourtIQ/Features/Drill/DrillResultView.swift; sourceTree = "<group>"; };
		A00000000000000000013A /* court_tap_drills.json */ = {isa = PBXFileReference; lastKnownFileType = text.json; name = court_tap_drills.json; path = CourtIQ/Resources/Content/court_tap_drills.json; sourceTree = "<group>"; };
		A000000000000000000140 /* ActivityRingsView.swift */ = {isa = PBXFileReference; lastKnownFileType = sourcecode.swift; name = ActivityRingsView.swift; path = CourtIQ/Features/Rings/ActivityRingsView.swift; sourceTree = "<group>"; };
		A000000000000000000150 /* AvatarConfig.swift */ = {isa = PBXFileReference; lastKnownFileType = sourcecode.swift; name = AvatarConfig.swift; path = CourtIQ/Core/Models/AvatarConfig.swift; sourceTree = "<group>"; };
		A000000000000000000152 /* AvatarManager.swift */ = {isa = PBXFileReference; lastKnownFileType = sourcecode.swift; name = AvatarManager.swift; path = CourtIQ/Core/Models/AvatarManager.swift; sourceTree = "<group>"; };
		A000000000000000000154 /* TennisAvatarView.swift */ = {isa = PBXFileReference; lastKnownFileType = sourcecode.swift; name = TennisAvatarView.swift; path = CourtIQ/Features/Avatar/TennisAvatarView.swift; sourceTree = "<group>"; };
		A000000000000000000156 /* AvatarLockerRoomView.swift */ = {isa = PBXFileReference; lastKnownFileType = sourcecode.swift; name = AvatarLockerRoomView.swift; path = CourtIQ/Features/Avatar/AvatarLockerRoomView.swift; sourceTree = "<group>"; };
		A000000000000000000160 /* ProShotPattern.swift */ = {isa = PBXFileReference; lastKnownFileType = sourcecode.swift; name = ProShotPattern.swift; path = CourtIQ/Core/Models/ProShotPattern.swift; sourceTree = "<group>"; };
		A000000000000000000162 /* ProShotPatternsManager.swift */ = {isa = PBXFileReference; lastKnownFileType = sourcecode.swift; name = ProShotPatternsManager.swift; path = CourtIQ/Core/Models/ProShotPatternsManager.swift; sourceTree = "<group>"; };
		A000000000000000000164 /* ProShotAnimationView.swift */ = {isa = PBXFileReference; lastKnownFileType = sourcecode.swift; name = ProShotAnimationView.swift; path = CourtIQ/Features/ProShot/ProShotAnimationView.swift; sourceTree = "<group>"; };
		A000000000000000000166 /* ProShotCard.swift */ = {isa = PBXFileReference; lastKnownFileType = sourcecode.swift; name = ProShotCard.swift; path = CourtIQ/Features/ProShot/ProShotCard.swift; sourceTree = "<group>"; };
		A000000000000000000168 /* pro_shot_patterns.json */ = {isa = PBXFileReference; lastKnownFileType = text.json; name = pro_shot_patterns.json; path = CourtIQ/Resources/Content/pro_shot_patterns.json; sourceTree = "<group>"; };
		A00000000000000000016A /* LaunchOffer.swift */ = {isa = PBXFileReference; lastKnownFileType = sourcecode.swift; name = LaunchOffer.swift; path = CourtIQ/Core/Utilities/LaunchOffer.swift; sourceTree = "<group>"; };
		A00000000000000000016C /* MatchMediaStore.swift */ = {isa = PBXFileReference; lastKnownFileType = sourcecode.swift; name = MatchMediaStore.swift; path = CourtIQ/Core/Utilities/MatchMediaStore.swift; sourceTree = "<group>"; };
		A00000000000000000016E /* VoiceNoteRecorder.swift */ = {isa = PBXFileReference; lastKnownFileType = sourcecode.swift; name = VoiceNoteRecorder.swift; path = CourtIQ/Core/Utilities/VoiceNoteRecorder.swift; sourceTree = "<group>"; };
		A000000000000000000170 /* NotificationSettingsView.swift */ = {isa = PBXFileReference; lastKnownFileType = sourcecode.swift; name = NotificationSettingsView.swift; path = CourtIQ/Features/Profile/NotificationSettingsView.swift; sourceTree = "<group>"; };
		A00000000000000000017A /* MobilityAnimationPreview.swift */ = {isa = PBXFileReference; lastKnownFileType = sourcecode.swift; name = MobilityAnimationPreview.swift; path = CourtIQ/Features/Mobility/MobilityAnimationPreview.swift; sourceTree = "<group>"; };
		A00000000000000000017C /* FigureApproachComparison.swift */ = {isa = PBXFileReference; lastKnownFileType = sourcecode.swift; name = FigureApproachComparison.swift; path = CourtIQ/Features/Mobility/FigureApproachComparison.swift; sourceTree = "<group>"; };
		A00000000000000000017E /* HybridMobilityFigure.swift */ = {isa = PBXFileReference; lastKnownFileType = sourcecode.swift; name = HybridMobilityFigure.swift; path = CourtIQ/Features/Mobility/HybridMobilityFigure.swift; sourceTree = "<group>"; };
		A000000000000000000180 /* AIChatModels.swift */ = {isa = PBXFileReference; lastKnownFileType = sourcecode.swift; name = AIChatModels.swift; path = CourtIQ/Core/Models/AIChatModels.swift; sourceTree = "<group>"; };
		A000000000000000000182 /* AIChatClient.swift */ = {isa = PBXFileReference; lastKnownFileType = sourcecode.swift; name = AIChatClient.swift; path = CourtIQ/Core/Services/AIChatClient.swift; sourceTree = "<group>"; };
		A000000000000000000184 /* AICoachView.swift */ = {isa = PBXFileReference; lastKnownFileType = sourcecode.swift; name = AICoachView.swift; path = CourtIQ/Features/AICoach/AICoachView.swift; sourceTree = "<group>"; };
		A000000000000000000186 /* AICoachThreadView.swift */ = {isa = PBXFileReference; lastKnownFileType = sourcecode.swift; name = AICoachThreadView.swift; path = CourtIQ/Features/AICoach/AICoachThreadView.swift; sourceTree = "<group>"; };
		A000000000000000000188 /* AICoachPaywallStub.swift */ = {isa = PBXFileReference; lastKnownFileType = sourcecode.swift; name = AICoachPaywallStub.swift; path = CourtIQ/Features/AICoach/AICoachPaywallStub.swift; sourceTree = "<group>"; };
		A00000000000000000018A /* AICoachImportView.swift */ = {isa = PBXFileReference; lastKnownFileType = sourcecode.swift; name = AICoachImportView.swift; path = CourtIQ/Features/AICoach/AICoachImportView.swift; sourceTree = "<group>"; };
		A00000000000000000018C /* TacticalProfile.swift */ = {isa = PBXFileReference; lastKnownFileType = sourcecode.swift; name = TacticalProfile.swift; path = CourtIQ/Core/Models/TacticalProfile.swift; sourceTree = "<group>"; };
		A00000000000000000018E /* TacticalProfileCard.swift */ = {isa = PBXFileReference; lastKnownFileType = sourcecode.swift; name = TacticalProfileCard.swift; path = CourtIQ/Features/Drill/TacticalProfileCard.swift; sourceTree = "<group>"; };
		A000000000000000000190 /* PlayStyleProfile.swift */ = {isa = PBXFileReference; lastKnownFileType = sourcecode.swift; name = PlayStyleProfile.swift; path = CourtIQ/Core/Models/PlayStyleProfile.swift; sourceTree = "<group>"; };
		A000000000000000000192 /* PlayStyleProfileCard.swift */ = {isa = PBXFileReference; lastKnownFileType = sourcecode.swift; name = PlayStyleProfileCard.swift; path = CourtIQ/Features/Drill/PlayStyleProfileCard.swift; sourceTree = "<group>"; };
		A000000000000000000194 /* SelfAssessment.swift */ = {isa = PBXFileReference; lastKnownFileType = sourcecode.swift; name = SelfAssessment.swift; path = CourtIQ/Core/Models/SelfAssessment.swift; sourceTree = "<group>"; };
		A000000000000000000196 /* SelfAssessmentStep.swift */ = {isa = PBXFileReference; lastKnownFileType = sourcecode.swift; name = SelfAssessmentStep.swift; path = CourtIQ/Features/Onboarding/SelfAssessmentStep.swift; sourceTree = "<group>"; };
		A000000000000000000198 /* MatchMemoryStore.swift */ = {isa = PBXFileReference; lastKnownFileType = sourcecode.swift; name = MatchMemoryStore.swift; path = CourtIQ/Core/Services/MatchMemoryStore.swift; sourceTree = "<group>"; };
		A00000000000000000019A /* MatchLogTutorialView.swift */ = {isa = PBXFileReference; lastKnownFileType = sourcecode.swift; name = MatchLogTutorialView.swift; path = CourtIQ/Features/Matches/MatchLogTutorialView.swift; sourceTree = "<group>"; };
		B5431D73E4D73B3EE01C53B1 /* AICoachConsentView.swift */ = {isa = PBXFileReference; includeInIndex = 1; lastKnownFileType = sourcecode.swift; name = AICoachConsentView.swift; path = CourtIQ/Features/AICoach/AICoachConsentView.swift; sourceTree = "<group>"; };
		C2A78F773019502E640D876E /* OnboardingResultView.swift */ = {isa = PBXFileReference; includeInIndex = 1; lastKnownFileType = sourcecode.swift; name = OnboardingResultView.swift; path = CourtIQ/Features/Onboarding/OnboardingResultView.swift; sourceTree = "<group>"; };
		C99C6606DBC58D08EB834A69 /* OnboardingCopy.swift */ = {isa = PBXFileReference; includeInIndex = 1; lastKnownFileType = sourcecode.swift; name = OnboardingCopy.swift; path = CourtIQ/Features/Onboarding/OnboardingCopy.swift; sourceTree = "<group>"; };
		F05402E3DB1FAD67D0AA4FB6 /* TennisProfile.swift */ = {isa = PBXFileReference; includeInIndex = 1; lastKnownFileType = sourcecode.swift; name = TennisProfile.swift; path = CourtIQ/Features/TennisProfile/TennisProfile.swift; sourceTree = "<group>"; };
		F9EE92467572A4EAAAE0B125 /* CourtIQUITests.xctest */ = {isa = PBXFileReference; explicitFileType = wrapper.cfbundle; includeInIndex = 0; path = CourtIQUITests.xctest; sourceTree = BUILT_PRODUCTS_DIR; };
		FB3FE68853468703A4B5AC96 /* TennisProfileStore.swift */ = {isa = PBXFileReference; includeInIndex = 1; lastKnownFileType = sourcecode.swift; name = TennisProfileStore.swift; path = CourtIQ/Features/TennisProfile/TennisProfileStore.swift; sourceTree = "<group>"; };
/* End PBXFileReference section */

/* Begin PBXFrameworksBuildPhase section */
		2A731268862A5E3AC1754431 /* Frameworks */ = {
			isa = PBXFrameworksBuildPhase;
			buildActionMask = 2147483647;
			files = (
				F630E427B39E6175B97B2857 /* Foundation.framework in Frameworks */,
			);
			runOnlyForDeploymentPostprocessing = 0;
		};
		A00000000000000000000B /* Frameworks */ = {
			isa = PBXFrameworksBuildPhase;
			buildActionMask = 2147483647;
			files = (
			);
			runOnlyForDeploymentPostprocessing = 0;
		};
/* End PBXFrameworksBuildPhase section */

/* Begin PBXGroup section */
		1A452508E882D4D1A153AE73 /* CourtIQUITests */ = {
			isa = PBXGroup;
			children = (
				82C98DCFD79E34F8766234FD /* CourtIQAppPreviewUITest.swift */,
			);
			name = CourtIQUITests;
			sourceTree = SOURCE_ROOT;
		};
		36A5E7C12F95D37A00BCD7DA /* Recovered References */ = {
			isa = PBXGroup;
			children = (
				A000000000000000000069 /* Localizable.strings */,
				A0000000000000000000C0 /* PrivacyInfo.xcprivacy */,
			);
			name = "Recovered References";
			sourceTree = "<group>";
		};
		A000000000000000000004 = {
			isa = PBXGroup;
			children = (
				A00000000000000000000F /* Info.plist */,
				A000000000000000000010 /* CourtIQApp.swift */,
				A000000000000000000011 /* MainTabView.swift */,
				A000000000000000000012 /* PracticeView.swift */,
				A000000000000000000013 /* ProfileView.swift */,
				A000000000000000000014 /* TodayView.swift */,
				A000000000000000000015 /* DailyQuizManager.swift */,
				A000000000000000000016 /* DiscussionThread.swift */,
				A000000000000000000017 /* MobilityFlow.swift */,
				A000000000000000000018 /* Quiz.swift */,
				A000000000000000000019 /* UserSession.swift */,
				A00000000000000000005A /* DailyTip.swift */,
				A00000000000000000005C /* TennisPlayerLevel.swift */,
				A00000000000000000005E /* TennisPlayerBadgeView.swift */,
				A000000000000000000061 /* PlayerProgressionManager.swift */,
				A000000000000000000063 /* LevelProgressionPathView.swift */,
				A000000000000000000065 /* LanguageManager.swift */,
				A0000000000000000000B0 /* TennisVisuals.swift */,
				A0000000000000000000B2 /* FeedbackComposer.swift */,
				A0000000000000000000B4 /* CrashReporter.swift */,
				A0000000000000000000D0 /* HealthAcknowledgmentView.swift */,
				A0000000000000000000D2 /* TrainSafelyBanner.swift */,
				A0000000000000000000E0 /* NotificationManager.swift */,
				A0000000000000000000E2 /* NotificationPreAskSheet.swift */,
				A0000000000000000000F0 /* Haptics.swift */,
				A00000000000000000016A /* LaunchOffer.swift */,
				A00000000000000000016C /* MatchMediaStore.swift */,
				A00000000000000000016E /* VoiceNoteRecorder.swift */,
				A000000000000000000170 /* NotificationSettingsView.swift */,
				A00000000000000000017A /* MobilityAnimationPreview.swift */,
				A00000000000000000017C /* FigureApproachComparison.swift */,
				A00000000000000000017E /* HybridMobilityFigure.swift */,
				A000000000000000000180 /* AIChatModels.swift */,
				A000000000000000000182 /* AIChatClient.swift */,
				A000000000000000000198 /* MatchMemoryStore.swift */,
				A000000000000000000184 /* AICoachView.swift */,
				A000000000000000000186 /* AICoachThreadView.swift */,
				A000000000000000000188 /* AICoachPaywallStub.swift */,
				A00000000000000000018A /* AICoachImportView.swift */,
				A00000000000000000018C /* TacticalProfile.swift */,
				A00000000000000000018E /* TacticalProfileCard.swift */,
				A000000000000000000190 /* PlayStyleProfile.swift */,
				A000000000000000000192 /* PlayStyleProfileCard.swift */,
				A000000000000000000194 /* SelfAssessment.swift */,
				A000000000000000000196 /* SelfAssessmentStep.swift */,
				A000000000000000000100 /* TourStep.swift */,
				A000000000000000000110 /* MatchEntry.swift */,
				A000000000000000000112 /* MatchEntryManager.swift */,
				A000000000000000000114 /* MatchesListView.swift */,
				A00000000000000000019A /* MatchLogTutorialView.swift */,
				A000000000000000000116 /* QuickLogView.swift */,
				A000000000000000000118 /* MatchJournalEntryView.swift */,
				A00000000000000000011A /* LogStreakBadge.swift */,
				A00000000000000000011C /* MatchCalendarView.swift */,
				A00000000000000000011E /* MatchTrendDashboardView.swift */,
				A000000000000000000130 /* PolygonMath.swift */,
				A000000000000000000132 /* CourtTapDrill.swift */,
				A000000000000000000134 /* CourtTapDrillManager.swift */,
				A000000000000000000136 /* CourtTapDrillView.swift */,
				A000000000000000000138 /* DrillResultView.swift */,
				A000000000000000000140 /* ActivityRingsView.swift */,
				A000000000000000000150 /* AvatarConfig.swift */,
				A000000000000000000152 /* AvatarManager.swift */,
				A000000000000000000154 /* TennisAvatarView.swift */,
				A000000000000000000156 /* AvatarLockerRoomView.swift */,
				A000000000000000000160 /* ProShotPattern.swift */,
				A000000000000000000162 /* ProShotPatternsManager.swift */,
				A000000000000000000164 /* ProShotAnimationView.swift */,
				A000000000000000000166 /* ProShotCard.swift */,
				A000000000000000000168 /* pro_shot_patterns.json */,
				A00000000000000000013A /* court_tap_drills.json */,
				A000000000000000000038 /* AppPalette.swift */,
				A000000000000000000040 /* AppConfiguration.swift */,
				A000000000000000000041 /* BundleContentLoader.swift */,
				A00000000000000000001A /* MobilityFlowDetailView.swift */,
				A00000000000000000001B /* MobilityLibraryView.swift */,
				A00000000000000000001C /* QuizView.swift */,
				A00000000000000000001D /* QuizViewModel.swift */,
				A000000000000000000042 /* OnboardingView.swift */,
				A000000000000000000043 /* PaywallView.swift */,
				A000000000000000000044 /* CommunityViews.swift */,
				A000000000000000000045 /* LegalDocumentView.swift */,
				A000000000000000000030 /* TrainingProgram.swift */,
				A000000000000000000031 /* TrainingProgressManager.swift */,
				A000000000000000000032 /* TrainingHubView.swift */,
				A000000000000000000033 /* TrainingProgramDetailView.swift */,
				A000000000000000000046 /* Assets.xcassets */,
				A000000000000000000047 /* quiz_questions.json */,
				A000000000000000000048 /* training_programs.json */,
				A000000000000000000049 /* mobility_flows.json */,
				A000000000000000000005 /* Products */,
				36A5E7C12F95D37A00BCD7DA /* Recovered References */,
				B5431D73E4D73B3EE01C53B1 /* AICoachConsentView.swift */,
				F05402E3DB1FAD67D0AA4FB6 /* TennisProfile.swift */,
				59EC46A67E526C59A182B12D /* TennisProfileScoring.swift */,
				4B7C2AA916BE624A71B6017F /* TennisProfileCopy.swift */,
				FB3FE68853468703A4B5AC96 /* TennisProfileStore.swift */,
				04D5B2D2F6843DCDF39EC336 /* TennisProfileQuestionnaireView.swift */,
				0557CE18D7A694CEF536677C /* TennisProfileResultView.swift */,
				EB8D2E0C285335FE3C7A3ECE /* Frameworks */,
				1A452508E882D4D1A153AE73 /* CourtIQUITests */,
				8EDDBDA9A7035EE3626F5589 /* OnboardingFlowView.swift */,
				C99C6606DBC58D08EB834A69 /* OnboardingCopy.swift */,
				3F14568EE361FE4FD8E1B19F /* OnboardingBuildingView.swift */,
				C2A78F773019502E640D876E /* OnboardingResultView.swift */,
			);
			sourceTree = "<group>";
		};
		A000000000000000000005 /* Products */ = {
			isa = PBXGroup;
			children = (
				A00000000000000000000D /* CourtIQ.app */,
				F9EE92467572A4EAAAE0B125 /* CourtIQUITests.xctest */,
			);
			name = Products;
			sourceTree = "<group>";
		};
		A1B0EC333762493B1AF7BAE1 /* iOS */ = {
			isa = PBXGroup;
			children = (
				728F3484008DAA9A8D9F95FC /* Foundation.framework */,
			);
			name = iOS;
			sourceTree = "<group>";
		};
		EB8D2E0C285335FE3C7A3ECE /* Frameworks */ = {
			isa = PBXGroup;
			children = (
				A1B0EC333762493B1AF7BAE1 /* iOS */,
			);
			name = Frameworks;
			sourceTree = "<group>";
		};
/* End PBXGroup section */

/* Begin PBXNativeTarget section */
		1EE96FC5D4A60669456E340B /* CourtIQUITests */ = {
			isa = PBXNativeTarget;
			buildConfigurationList = 515D58A67B3C858B7779F0E7 /* Build configuration list for PBXNativeTarget "CourtIQUITests" */;
			buildPhases = (
				85A441F2A3C15F3890765F01 /* Sources */,
				2A731268862A5E3AC1754431 /* Frameworks */,
				A919BCEF5AD72766BF4B6954 /* Resources */,
			);
			buildRules = (
			);
			dependencies = (
				66930E349614DC5C65579663 /* PBXTargetDependency */,
			);
			name = CourtIQUITests;
			productName = CourtIQUITests;
			productReference = F9EE92467572A4EAAAE0B125 /* CourtIQUITests.xctest */;
			productType = "com.apple.product-type.bundle.ui-testing";
		};
		A000000000000000000006 /* CourtIQ */ = {
			isa = PBXNativeTarget;
			buildConfigurationList = A000000000000000000007 /* Build configuration list for PBXNativeTarget "CourtIQ" */;
			buildPhases = (
				A00000000000000000000A /* Sources */,
				A00000000000000000000B /* Frameworks */,
				A00000000000000000000C /* Resources */,
			);
			buildRules = (
			);
			dependencies = (
			);
			name = CourtIQ;
			productName = CourtIQ;
			productReference = A00000000000000000000D /* CourtIQ.app */;
			productType = "com.apple.product-type.application";
		};
/* End PBXNativeTarget section */

/* Begin PBXProject section */
		A000000000000000000000 /* Project object */ = {
			isa = PBXProject;
			attributes = {
				LastUpgradeCheck = 1530;
				ORGANIZATIONNAME = CourtIQ;
			};
			buildConfigurationList = A000000000000000000001 /* Build configuration list for PBXProject "CourtIQ" */;
			compatibilityVersion = "Xcode 15.0";
			developmentRegion = English;
			hasScannedForEncodings = 0;
			knownRegions = (
				English,
				en,
				tr,
			);
			mainGroup = A000000000000000000004;
			productRefGroup = A000000000000000000005 /* Products */;
			projectDirPath = "";
			projectRoot = "";
			targets = (
				A000000000000000000006 /* CourtIQ */,
				1EE96FC5D4A60669456E340B /* CourtIQUITests */,
			);
		};
/* End PBXProject section */

/* Begin PBXResourcesBuildPhase section */
		A00000000000000000000C /* Resources */ = {
			isa = PBXResourcesBuildPhase;
			buildActionMask = 2147483647;
			files = (
				A000000000000000000060 /* Assets.xcassets in Resources */,
				A000000000000000000057 /* quiz_questions.json in Resources */,
				A000000000000000000058 /* training_programs.json in Resources */,
				A000000000000000000059 /* mobility_flows.json in Resources */,
				A00000000000000000006A /* Localizable.strings in Resources */,
				A0000000000000000000C1 /* PrivacyInfo.xcprivacy in Resources */,
				A00000000000000000013B /* court_tap_drills.json in Resources */,
				A000000000000000000169 /* pro_shot_patterns.json in Resources */,
			);
			runOnlyForDeploymentPostprocessing = 0;
		};
		A919BCEF5AD72766BF4B6954 /* Resources */ = {
			isa = PBXResourcesBuildPhase;
			buildActionMask = 2147483647;
			files = (
			);
			runOnlyForDeploymentPostprocessing = 0;
		};
/* End PBXResourcesBuildPhase section */

/* Begin PBXSourcesBuildPhase section */
		85A441F2A3C15F3890765F01 /* Sources */ = {
			isa = PBXSourcesBuildPhase;
			buildActionMask = 2147483647;
			files = (
				9951D0CC2EF78EAF560B3E98 /* CourtIQAppPreviewUITest.swift in Sources */,
			);
			runOnlyForDeploymentPostprocessing = 0;
		};
		A00000000000000000000A /* Sources */ = {
			isa = PBXSourcesBuildPhase;
			buildActionMask = 2147483647;
			files = (
				A000000000000000000020 /* CourtIQApp.swift in Sources */,
				A000000000000000000021 /* MainTabView.swift in Sources */,
				A000000000000000000022 /* PracticeView.swift in Sources */,
				A000000000000000000023 /* ProfileView.swift in Sources */,
				A000000000000000000024 /* TodayView.swift in Sources */,
				A000000000000000000025 /* DailyQuizManager.swift in Sources */,
				A000000000000000000026 /* DiscussionThread.swift in Sources */,
				A000000000000000000027 /* MobilityFlow.swift in Sources */,
				A000000000000000000028 /* Quiz.swift in Sources */,
				A000000000000000000029 /* UserSession.swift in Sources */,
				A00000000000000000002A /* MobilityFlowDetailView.swift in Sources */,
				A00000000000000000002B /* MobilityLibraryView.swift in Sources */,
				A00000000000000000002C /* QuizView.swift in Sources */,
				A00000000000000000002D /* QuizViewModel.swift in Sources */,
				A000000000000000000039 /* AppPalette.swift in Sources */,
				A000000000000000000050 /* AppConfiguration.swift in Sources */,
				A000000000000000000051 /* BundleContentLoader.swift in Sources */,
				A000000000000000000052 /* OnboardingView.swift in Sources */,
				A000000000000000000053 /* PaywallView.swift in Sources */,
				A000000000000000000054 /* CommunityViews.swift in Sources */,
				A000000000000000000055 /* LegalDocumentView.swift in Sources */,
				A000000000000000000034 /* TrainingProgram.swift in Sources */,
				A000000000000000000035 /* TrainingProgressManager.swift in Sources */,
				A000000000000000000036 /* TrainingHubView.swift in Sources */,
				A000000000000000000037 /* TrainingProgramDetailView.swift in Sources */,
				A00000000000000000005B /* DailyTip.swift in Sources */,
				A00000000000000000005D /* TennisPlayerLevel.swift in Sources */,
				A00000000000000000005F /* TennisPlayerBadgeView.swift in Sources */,
				A000000000000000000062 /* PlayerProgressionManager.swift in Sources */,
				A000000000000000000064 /* LevelProgressionPathView.swift in Sources */,
				A000000000000000000066 /* LanguageManager.swift in Sources */,
				A0000000000000000000B1 /* TennisVisuals.swift in Sources */,
				A0000000000000000000B3 /* FeedbackComposer.swift in Sources */,
				A0000000000000000000B5 /* CrashReporter.swift in Sources */,
				A0000000000000000000D1 /* HealthAcknowledgmentView.swift in Sources */,
				A0000000000000000000D3 /* TrainSafelyBanner.swift in Sources */,
				A0000000000000000000E1 /* NotificationManager.swift in Sources */,
				A0000000000000000000E3 /* NotificationPreAskSheet.swift in Sources */,
				A0000000000000000000F1 /* Haptics.swift in Sources */,
				A00000000000000000016B /* LaunchOffer.swift in Sources */,
				A00000000000000000016D /* MatchMediaStore.swift in Sources */,
				A00000000000000000016F /* VoiceNoteRecorder.swift in Sources */,
				A000000000000000000171 /* NotificationSettingsView.swift in Sources */,
				A00000000000000000017B /* MobilityAnimationPreview.swift in Sources */,
				A00000000000000000017D /* FigureApproachComparison.swift in Sources */,
				A00000000000000000017F /* HybridMobilityFigure.swift in Sources */,
				A000000000000000000181 /* AIChatModels.swift in Sources */,
				A000000000000000000183 /* AIChatClient.swift in Sources */,
				A000000000000000000199 /* MatchMemoryStore.swift in Sources */,
				A000000000000000000185 /* AICoachView.swift in Sources */,
				A000000000000000000187 /* AICoachThreadView.swift in Sources */,
				A000000000000000000189 /* AICoachPaywallStub.swift in Sources */,
				A00000000000000000018B /* AICoachImportView.swift in Sources */,
				A00000000000000000018D /* TacticalProfile.swift in Sources */,
				A00000000000000000018F /* TacticalProfileCard.swift in Sources */,
				A000000000000000000191 /* PlayStyleProfile.swift in Sources */,
				A000000000000000000193 /* PlayStyleProfileCard.swift in Sources */,
				A000000000000000000195 /* SelfAssessment.swift in Sources */,
				A000000000000000000197 /* SelfAssessmentStep.swift in Sources */,
				A000000000000000000101 /* TourStep.swift in Sources */,
				A000000000000000000111 /* MatchEntry.swift in Sources */,
				A000000000000000000113 /* MatchEntryManager.swift in Sources */,
				A000000000000000000115 /* MatchesListView.swift in Sources */,
				A00000000000000000019B /* MatchLogTutorialView.swift in Sources */,
				A000000000000000000117 /* QuickLogView.swift in Sources */,
				A000000000000000000119 /* MatchJournalEntryView.swift in Sources */,
				A00000000000000000011B /* LogStreakBadge.swift in Sources */,
				A00000000000000000011D /* MatchCalendarView.swift in Sources */,
				A00000000000000000011F /* MatchTrendDashboardView.swift in Sources */,
				A000000000000000000131 /* PolygonMath.swift in Sources */,
				A000000000000000000133 /* CourtTapDrill.swift in Sources */,
				A000000000000000000135 /* CourtTapDrillManager.swift in Sources */,
				A000000000000000000137 /* CourtTapDrillView.swift in Sources */,
				A000000000000000000139 /* DrillResultView.swift in Sources */,
				A000000000000000000141 /* ActivityRingsView.swift in Sources */,
				A000000000000000000151 /* AvatarConfig.swift in Sources */,
				A000000000000000000153 /* AvatarManager.swift in Sources */,
				A000000000000000000155 /* TennisAvatarView.swift in Sources */,
				A000000000000000000157 /* AvatarLockerRoomView.swift in Sources */,
				A000000000000000000161 /* ProShotPattern.swift in Sources */,
				A000000000000000000163 /* ProShotPatternsManager.swift in Sources */,
				A000000000000000000165 /* ProShotAnimationView.swift in Sources */,
				A000000000000000000167 /* ProShotCard.swift in Sources */,
				01E3B5805B3AC2D9B83BCC20 /* AICoachConsentView.swift in Sources */,
				37CFB2A76B818800CC50DB26 /* TennisProfile.swift in Sources */,
				A9B92CCD5D6A1DDCE15C8C3B /* TennisProfileScoring.swift in Sources */,
				5F71E0F3BD2E9BA2AC5CC711 /* TennisProfileCopy.swift in Sources */,
				48C4087920AD7AE0BF5F3C5C /* TennisProfileStore.swift in Sources */,
				BB07C4ADCC7163742CDD7034 /* TennisProfileQuestionnaireView.swift in Sources */,
				40B005397ED3CCD0B527A1D9 /* TennisProfileResultView.swift in Sources */,
				8CD188FE56C7D92CF1FF809F /* OnboardingFlowView.swift in Sources */,
				862D526A29888767C02706F3 /* OnboardingCopy.swift in Sources */,
				A0096F05CC68BCC9782F96C5 /* OnboardingBuildingView.swift in Sources */,
				1A275837D4E1234623ADF76B /* OnboardingResultView.swift in Sources */,
			);
			runOnlyForDeploymentPostprocessing = 0;
		};
/* End PBXSourcesBuildPhase section */

/* Begin PBXTargetDependency section */
		66930E349614DC5C65579663 /* PBXTargetDependency */ = {
			isa = PBXTargetDependency;
			name = CourtIQ;
			target = A000000000000000000006 /* CourtIQ */;
			targetProxy = 7967EE66321338298E0BB737 /* PBXContainerItemProxy */;
		};
/* End PBXTargetDependency section */

/* Begin PBXVariantGroup section */
		A000000000000000000069 /* Localizable.strings */ = {
			isa = PBXVariantGroup;
			children = (
				A000000000000000000067 /* en */,
				A000000000000000000068 /* tr */,
			);
			name = Localizable.strings;
			sourceTree = "<group>";
		};
/* End PBXVariantGroup section */

/* Begin XCBuildConfiguration section */
		55B1C5470381EFE152FB07AC /* Release */ = {
			isa = XCBuildConfiguration;
			buildSettings = {
				CLANG_ENABLE_OBJC_WEAK = NO;
				CODE_SIGNING_ALLOWED = NO;
				GENERATE_INFOPLIST_FILE = YES;
				IPHONEOS_DEPLOYMENT_TARGET = 17.0;
				PRODUCT_BUNDLE_IDENTIFIER = com.canayan93.courtiq.uitests;
				SDKROOT = iphoneos;
				SWIFT_EMIT_LOC_STRINGS = NO;
				SWIFT_VERSION = 5.9;
				TARGETED_DEVICE_FAMILY = "1,2";
				TEST_TARGET_NAME = CourtIQ;
				VALIDATE_PRODUCT = YES;
			};
			name = Release;
		};
		8C8DBC22961D54B7F4EA8F20 /* Debug */ = {
			isa = XCBuildConfiguration;
			buildSettings = {
				CLANG_ENABLE_OBJC_WEAK = NO;
				CODE_SIGNING_ALLOWED = NO;
				GENERATE_INFOPLIST_FILE = YES;
				IPHONEOS_DEPLOYMENT_TARGET = 17.0;
				PRODUCT_BUNDLE_IDENTIFIER = com.canayan93.courtiq.uitests;
				SDKROOT = iphoneos;
				SWIFT_EMIT_LOC_STRINGS = NO;
				SWIFT_VERSION = 5.9;
				TARGETED_DEVICE_FAMILY = "1,2";
				TEST_TARGET_NAME = CourtIQ;
			};
			name = Debug;
		};
		A000000000000000000002 /* Debug */ = {
			isa = XCBuildConfiguration;
			buildSettings = {
				ALWAYS_SEARCH_USER_PATHS = NO;
				CLANG_ENABLE_MODULES = YES;
				ENABLE_BITCODE = NO;
				GCC_C_LANGUAGE_STANDARD = gnu11;
				MACOSX_DEPLOYMENT_TARGET = 14.0;
				PRODUCT_NAME = "$(TARGET_NAME)";
				SWIFT_VERSION = 5.9;
			};
			name = Debug;
		};
		A000000000000000000003 /* Release */ = {
			isa = XCBuildConfiguration;
			buildSettings = {
				ALWAYS_SEARCH_USER_PATHS = NO;
				CLANG_ENABLE_MODULES = YES;
				ENABLE_BITCODE = NO;
				GCC_C_LANGUAGE_STANDARD = gnu11;
				MACOSX_DEPLOYMENT_TARGET = 14.0;
				PRODUCT_NAME = "$(TARGET_NAME)";
				SWIFT_VERSION = 5.9;
			};
			name = Release;
		};
		A000000000000000000008 /* Debug */ = {
			isa = XCBuildConfiguration;
			buildSettings = {
				ALWAYS_EMBED_SWIFT_STANDARD_LIBRARIES = YES;
				ASSETCATALOG_COMPILER_APPICON_NAME = AppIcon;
				CLANG_ENABLE_MODULES = YES;
				CODE_SIGNING_ALLOWED = YES;
				CODE_SIGNING_REQUIRED = YES;
				CODE_SIGN_ENTITLEMENTS = CourtIQ/CourtIQ.entitlements;
				CODE_SIGN_STYLE = Automatic;
				DEVELOPMENT_TEAM = DC8ALPY949;
				ENABLE_BITCODE = NO;
				INFOPLIST_FILE = CourtIQ/Info.plist;
				IPHONEOS_DEPLOYMENT_TARGET = 17.0;
				LD_RUNPATH_SEARCH_PATHS = (
					"$(inherited)",
					"@executable_path/Frameworks",
				);
				PRODUCT_BUNDLE_IDENTIFIER = com.canayan93.courtiq;
				PRODUCT_NAME = CourtIQ;
				SDKROOT = iphoneos;
				SUPPORTS_MACCATALYST = NO;
				SWIFT_VERSION = 5.9;
				TARGETED_DEVICE_FAMILY = 1;
			};
			name = Debug;
		};
		A000000000000000000009 /* Release */ = {
			isa = XCBuildConfiguration;
			buildSettings = {
				ALWAYS_EMBED_SWIFT_STANDARD_LIBRARIES = YES;
				ASSETCATALOG_COMPILER_APPICON_NAME = AppIcon;
				CLANG_ENABLE_MODULES = YES;
				CODE_SIGNING_ALLOWED = YES;
				CODE_SIGNING_REQUIRED = YES;
				CODE_SIGN_ENTITLEMENTS = CourtIQ/CourtIQ.entitlements;
				CODE_SIGN_STYLE = Automatic;
				DEVELOPMENT_TEAM = DC8ALPY949;
				ENABLE_BITCODE = NO;
				INFOPLIST_FILE = CourtIQ/Info.plist;
				IPHONEOS_DEPLOYMENT_TARGET = 17.0;
				LD_RUNPATH_SEARCH_PATHS = (
					"$(inherited)",
					"@executable_path/Frameworks",
				);
				PRODUCT_BUNDLE_IDENTIFIER = com.canayan93.courtiq;
				PRODUCT_NAME = CourtIQ;
				SDKROOT = iphoneos;
				SUPPORTS_MACCATALYST = NO;
				SWIFT_OPTIMIZATION_LEVEL = "-O";
				SWIFT_VERSION = 5.9;
				TARGETED_DEVICE_FAMILY = 1;
			};
			name = Release;
		};
/* End XCBuildConfiguration section */

/* Begin XCConfigurationList section */
		515D58A67B3C858B7779F0E7 /* Build configuration list for PBXNativeTarget "CourtIQUITests" */ = {
			isa = XCConfigurationList;
			buildConfigurations = (
				55B1C5470381EFE152FB07AC /* Release */,
				8C8DBC22961D54B7F4EA8F20 /* Debug */,
			);
			defaultConfigurationIsVisible = 0;
			defaultConfigurationName = Release;
		};
		A000000000000000000001 /* Build configuration list for PBXProject "CourtIQ" */ = {
			isa = XCConfigurationList;
			buildConfigurations = (
				A000000000000000000002 /* Debug */,
				A000000000000000000003 /* Release */,
			);
			defaultConfigurationIsVisible = 0;
			defaultConfigurationName = Debug;
		};
		A000000000000000000007 /* Build configuration list for PBXNativeTarget "CourtIQ" */ = {
			isa = XCConfigurationList;
			buildConfigurations = (
				A000000000000000000008 /* Debug */,
				A000000000000000000009 /* Release */,
			);
			defaultConfigurationIsVisible = 0;
			defaultConfigurationName = Debug;
		};
/* End XCConfigurationList section */
	};
	rootObject = A000000000000000000000 /* Project object */;
}
